Microsoft Visual Studio Solution File, Format Version 13.00
# Visual Studio 2013
Project("{8BC9CEB8-8B4A-11D0-8D11-00A0C91BC942}") = "copy_icudtl_dat", "..\..\..\third_party\icu\copy_icudtl_dat.vcxproj", "{65D005C9-8C2B-AF31-0940-4192A914BD58}"
EndProject
Project("{8BC9CEB8-8B4A-11D0-8D11-00A0C91BC942}") = "field_trial", "..\..\test\field_trial.vcxproj", "{87C4600A-174C-BD8F-AD54-8DDA5A8768AD}"
EndProject
Project("{8BC9CEB8-8B4A-11D0-8D11-00A0C91BC942}") = "gflags", "..\..\..\third_party\gflags\gflags.vcxproj", "{A23BA8DF-D533-7DD3-9EB4-09D244F1E5E7}"
EndProject
Project("{8BC9CEB8-8B4A-11D0-8D11-00A0C91BC942}") = "gmock", "..\..\..\testing\gmock.vcxproj", "{BC1FC8FA-3D6D-A552-429D-2765BD9A0505}"
EndProject
Project("{8BC9CEB8-8B4A-11D0-8D11-00A0C91BC942}") = "gtest", "..\..\..\testing\gtest.vcxproj", "{F6A41D07-50C0-48A5-CF61-9614A89A38CE}"
	ProjectSection(ProjectDependencies) = postProject
		{3F1C2A95-D711-A041-9BAA-AF3414A082DD} = {3F1C2A95-D711-A041-9BAA-AF3414A082DD}
	EndProjectSection
EndProject
Project("{8BC9CEB8-8B4A-11D0-8D11-00A0C91BC942}") = "gtest_prod", "..\..\..\testing\gtest_prod.vcxproj", "{3F1C2A95-D711-A041-9BAA-AF3414A082DD}"
EndProject
Project("{8BC9CEB8-8B4A-11D0-8D11-00A0C91BC942}") = "icudata", "..\..\..\third_party\icu\icudata.vcxproj", "{C790EA48-E301-323A-B6EC-F8A10399B015}"
	ProjectSection(ProjectDependencies) = postProject
		{65D005C9-8C2B-AF31-0940-4192A914BD58} = {65D005C9-8C2B-AF31-0940-4192A914BD58}
	EndProjectSection
EndProject
Project("{8BC9CEB8-8B4A-11D0-8D11-00A0C91BC942}") = "icui18n", "..\..\..\third_party\icu\icui18n.vcxproj", "{B1F5E206-F8F6-44F1-B587-A9B96C0F3C13}"
EndProject
Project("{8BC9CEB8-8B4A-11D0-8D11-00A0C91BC942}") = "icuuc", "..\..\..\third_party\icu\icuuc.vcxproj", "{794CD47E-24C2-5C04-C1D9-1340D2878F16}"
EndProject
Project("{8BC9CEB8-8B4A-11D0-8D11-00A0C91BC942}") = "jsoncpp", "..\..\..\third_party\jsoncpp\jsoncpp.vcxproj", "{16BBC5E6-2A70-A2CA-6BE9-C5431CA8CBA0}"
EndProject
Project("{8BC9CEB8-8B4A-11D0-8D11-00A0C91BC942}") = "libssl", "..\..\..\net\third_party\nss\libssl.vcxproj", "{66702722-A929-6412-459A-FBA158B70094}"
EndProject
Project("{8BC9CEB8-8B4A-11D0-8D11-00A0C91BC942}") = "nspr", "..\..\..\third_party\nss\nspr.vcxproj", "{A8675E42-EEE6-F153-2AAE-1E40DB7404A8}"
EndProject
Project("{8BC9CEB8-8B4A-11D0-8D11-00A0C91BC942}") = "nss", "..\..\..\third_party\nss\nss.vcxproj", "{20E2528C-2CA1-90A8-04FB-712EF64D43DE}"
EndProject
Project("{8BC9CEB8-8B4A-11D0-8D11-00A0C91BC942}") = "nss_static", "..\..\..\third_party\nss\nss_static.vcxproj", "{F59243A3-A235-C366-E748-CC582E695EA9}"
EndProject
Project("{8BC9CEB8-8B4A-11D0-8D11-00A0C91BC942}") = "sqlite", "..\..\..\third_party\sqlite\sqlite.vcxproj", "{35E98BCE-108A-2132-77C7-A3F2715C1976}"
EndProject
Project("{8BC9CEB8-8B4A-11D0-8D11-00A0C91BC942}") = "system_wrappers", "system_wrappers.vcxproj", "{8FA14C1B-915C-BACE-771E-08A41FF52F24}"
EndProject
Project("{8BC9CEB8-8B4A-11D0-8D11-00A0C91BC942}") = "system_wrappers_unittests", "system_wrappers_unittests.vcxproj", "{DF043B29-BC87-2605-2476-31A719FD98A6}"
	ProjectSection(ProjectDependencies) = postProject
		{F6A41D07-50C0-48A5-CF61-9614A89A38CE} = {F6A41D07-50C0-48A5-CF61-9614A89A38CE}
		{8FA14C1B-915C-BACE-771E-08A41FF52F24} = {8FA14C1B-915C-BACE-771E-08A41FF52F24}
		{FE47DC2F-8C6C-D859-9F3A-205D25333632} = {FE47DC2F-8C6C-D859-9F3A-205D25333632}
		{3F1C2A95-D711-A041-9BAA-AF3414A082DD} = {3F1C2A95-D711-A041-9BAA-AF3414A082DD}
		{2367011B-20DA-F9E8-0E3F-6AFA5C9E6957} = {2367011B-20DA-F9E8-0E3F-6AFA5C9E6957}
		{16BBC5E6-2A70-A2CA-6BE9-C5431CA8CBA0} = {16BBC5E6-2A70-A2CA-6BE9-C5431CA8CBA0}
		{66702722-A929-6412-459A-FBA158B70094} = {66702722-A929-6412-459A-FBA158B70094}
		{A8675E42-EEE6-F153-2AAE-1E40DB7404A8} = {A8675E42-EEE6-F153-2AAE-1E40DB7404A8}
		{20E2528C-2CA1-90A8-04FB-712EF64D43DE} = {20E2528C-2CA1-90A8-04FB-712EF64D43DE}
		{F59243A3-A235-C366-E748-CC582E695EA9} = {F59243A3-A235-C366-E748-CC582E695EA9}
		{35E98BCE-108A-2132-77C7-A3F2715C1976} = {35E98BCE-108A-2132-77C7-A3F2715C1976}
		{B1F5E206-F8F6-44F1-B587-A9B96C0F3C13} = {B1F5E206-F8F6-44F1-B587-A9B96C0F3C13}
		{794CD47E-24C2-5C04-C1D9-1340D2878F16} = {794CD47E-24C2-5C04-C1D9-1340D2878F16}
		{C790EA48-E301-323A-B6EC-F8A10399B015} = {C790EA48-E301-323A-B6EC-F8A10399B015}
		{65D005C9-8C2B-AF31-0940-4192A914BD58} = {65D005C9-8C2B-AF31-0940-4192A914BD58}
		{87C4600A-174C-BD8F-AD54-8DDA5A8768AD} = {87C4600A-174C-BD8F-AD54-8DDA5A8768AD}
		{9D87D9F3-B1D9-A1FC-F5F7-CD604F0D2925} = {9D87D9F3-B1D9-A1FC-F5F7-CD604F0D2925}
		{BC1FC8FA-3D6D-A552-429D-2765BD9A0505} = {BC1FC8FA-3D6D-A552-429D-2765BD9A0505}
		{A23BA8DF-D533-7DD3-9EB4-09D244F1E5E7} = {A23BA8DF-D533-7DD3-9EB4-09D244F1E5E7}
	EndProjectSection
EndProject
Project("{8BC9CEB8-8B4A-11D0-8D11-00A0C91BC942}") = "system_wrappers_unittests_run", "system_wrappers_unittests_run.vcxproj", "{F2DC6ABD-3D0E-F2F8-2B4E-0A93A5890349}"
	ProjectSection(ProjectDependencies) = postProject
		{DF043B29-BC87-2605-2476-31A719FD98A6} = {DF043B29-BC87-2605-2476-31A719FD98A6}
	EndProjectSection
EndProject
Project("{8BC9CEB8-8B4A-11D0-8D11-00A0C91BC942}") = "test_support", "..\..\test\test_support.vcxproj", "{9D87D9F3-B1D9-A1FC-F5F7-CD604F0D2925}"
EndProject
Project("{8BC9CEB8-8B4A-11D0-8D11-00A0C91BC942}") = "test_support_main", "..\..\test\test_support_main.vcxproj", "{FE47DC2F-8C6C-D859-9F3A-205D25333632}"
EndProject
Project("{8BC9CEB8-8B4A-11D0-8D11-00A0C91BC942}") = "webrtc_base", "..\..\base\webrtc_base.vcxproj", "{2367011B-20DA-F9E8-0E3F-6AFA5C9E6957}"
EndProject
Global
	GlobalSection(SolutionConfigurationPlatforms) = preSolution
		Debug|x64 = Debug|x64
		Debug|Win32 = Debug|Win32
		Release|x64 = Release|x64
		Release|Win32 = Release|Win32
	EndGlobalSection
	GlobalSection(ProjectConfigurationPlatforms) = postSolution
		{16BBC5E6-2A70-A2CA-6BE9-C5431CA8CBA0}.Debug|x64.ActiveCfg = Debug|x64
		{16BBC5E6-2A70-A2CA-6BE9-C5431CA8CBA0}.Debug|x64.Build.0 = Debug|x64
		{16BBC5E6-2A70-A2CA-6BE9-C5431CA8CBA0}.Debug|Win32.ActiveCfg = Debug|Win32
		{16BBC5E6-2A70-A2CA-6BE9-C5431CA8CBA0}.Debug|Win32.Build.0 = Debug|Win32
		{16BBC5E6-2A70-A2CA-6BE9-C5431CA8CBA0}.Release|x64.ActiveCfg = Release|x64
		{16BBC5E6-2A70-A2CA-6BE9-C5431CA8CBA0}.Release|x64.Build.0 = Release|x64
		{16BBC5E6-2A70-A2CA-6BE9-C5431CA8CBA0}.Release|Win32.ActiveCfg = Release|Win32
		{16BBC5E6-2A70-A2CA-6BE9-C5431CA8CBA0}.Release|Win32.Build.0 = Release|Win32
		{20E2528C-2CA1-90A8-04FB-712EF64D43DE}.Debug|x64.ActiveCfg = Debug|x64
		{20E2528C-2CA1-90A8-04FB-712EF64D43DE}.Debug|x64.Build.0 = Debug|x64
		{20E2528C-2CA1-90A8-04FB-712EF64D43DE}.Debug|Win32.ActiveCfg = Debug|Win32
		{20E2528C-2CA1-90A8-04FB-712EF64D43DE}.Debug|Win32.Build.0 = Debug|Win32
		{20E2528C-2CA1-90A8-04FB-712EF64D43DE}.Release|x64.ActiveCfg = Release|x64
		{20E2528C-2CA1-90A8-04FB-712EF64D43DE}.Release|x64.Build.0 = Release|x64
		{20E2528C-2CA1-90A8-04FB-712EF64D43DE}.Release|Win32.ActiveCfg = Release|Win32
		{20E2528C-2CA1-90A8-04FB-712EF64D43DE}.Release|Win32.Build.0 = Release|Win32
		{2367011B-20DA-F9E8-0E3F-6AFA5C9E6957}.Debug|x64.ActiveCfg = Debug|x64
		{2367011B-20DA-F9E8-0E3F-6AFA5C9E6957}.Debug|x64.Build.0 = Debug|x64
		{2367011B-20DA-F9E8-0E3F-6AFA5C9E6957}.Debug|Win32.ActiveCfg = Debug|Win32
		{2367011B-20DA-F9E8-0E3F-6AFA5C9E6957}.Debug|Win32.Build.0 = Debug|Win32
		{2367011B-20DA-F9E8-0E3F-6AFA5C9E6957}.Release|x64.ActiveCfg = Release|x64
		{2367011B-20DA-F9E8-0E3F-6AFA5C9E6957}.Release|x64.Build.0 = Release|x64
		{2367011B-20DA-F9E8-0E3F-6AFA5C9E6957}.Release|Win32.ActiveCfg = Release|Win32
		{2367011B-20DA-F9E8-0E3F-6AFA5C9E6957}.Release|Win32.Build.0 = Release|Win32
		{35E98BCE-108A-2132-77C7-A3F2715C1976}.Debug|x64.ActiveCfg = Debug|x64
		{35E98BCE-108A-2132-77C7-A3F2715C1976}.Debug|x64.Build.0 = Debug|x64
		{35E98BCE-108A-2132-77C7-A3F2715C1976}.Debug|Win32.ActiveCfg = Debug|Win32
		{35E98BCE-108A-2132-77C7-A3F2715C1976}.Debug|Win32.Build.0 = Debug|Win32
		{35E98BCE-108A-2132-77C7-A3F2715C1976}.Release|x64.ActiveCfg = Release|x64
		{35E98BCE-108A-2132-77C7-A3F2715C1976}.Release|x64.Build.0 = Release|x64
		{35E98BCE-108A-2132-77C7-A3F2715C1976}.Release|Win32.ActiveCfg = Release|Win32
		{35E98BCE-108A-2132-77C7-A3F2715C1976}.Release|Win32.Build.0 = Release|Win32
		{3F1C2A95-D711-A041-9BAA-AF3414A082DD}.Debug|x64.ActiveCfg = Debug|x64
		{3F1C2A95-D711-A041-9BAA-AF3414A082DD}.Debug|x64.Build.0 = Debug|x64
		{3F1C2A95-D711-A041-9BAA-AF3414A082DD}.Debug|Win32.ActiveCfg = Debug|Win32
		{3F1C2A95-D711-A041-9BAA-AF3414A082DD}.Debug|Win32.Build.0 = Debug|Win32
		{3F1C2A95-D711-A041-9BAA-AF3414A082DD}.Release|x64.ActiveCfg = Release|x64
		{3F1C2A95-D711-A041-9BAA-AF3414A082DD}.Release|x64.Build.0 = Release|x64
		{3F1C2A95-D711-A041-9BAA-AF3414A082DD}.Release|Win32.ActiveCfg = Release|Win32
		{3F1C2A95-D711-A041-9BAA-AF3414A082DD}.Release|Win32.Build.0 = Release|Win32
		{65D005C9-8C2B-AF31-0940-4192A914BD58}.Debug|x64.ActiveCfg = Debug|x64
		{65D005C9-8C2B-AF31-0940-4192A914BD58}.Debug|x64.Build.0 = Debug|x64
		{65D005C9-8C2B-AF31-0940-4192A914BD58}.Debug|Win32.ActiveCfg = Debug|Win32
		{65D005C9-8C2B-AF31-0940-4192A914BD58}.Debug|Win32.Build.0 = Debug|Win32
		{65D005C9-8C2B-AF31-0940-4192A914BD58}.Release|x64.ActiveCfg = Release|x64
		{65D005C9-8C2B-AF31-0940-4192A914BD58}.Release|x64.Build.0 = Release|x64
		{65D005C9-8C2B-AF31-0940-4192A914BD58}.Release|Win32.ActiveCfg = Release|Win32
		{65D005C9-8C2B-AF31-0940-4192A914BD58}.Release|Win32.Build.0 = Release|Win32
		{66702722-A929-6412-459A-FBA158B70094}.Debug|x64.ActiveCfg = Debug|x64
		{66702722-A929-6412-459A-FBA158B70094}.Debug|x64.Build.0 = Debug|x64
		{66702722-A929-6412-459A-FBA158B70094}.Debug|Win32.ActiveCfg = Debug|Win32
		{66702722-A929-6412-459A-FBA158B70094}.Debug|Win32.Build.0 = Debug|Win32
		{66702722-A929-6412-459A-FBA158B70094}.Release|x64.ActiveCfg = Release|x64
		{66702722-A929-6412-459A-FBA158B70094}.Release|x64.Build.0 = Release|x64
		{66702722-A929-6412-459A-FBA158B70094}.Release|Win32.ActiveCfg = Release|Win32
		{66702722-A929-6412-459A-FBA158B70094}.Release|Win32.Build.0 = Release|Win32
		{794CD47E-24C2-5C04-C1D9-1340D2878F16}.Debug|x64.ActiveCfg = Debug|x64
		{794CD47E-24C2-5C04-C1D9-1340D2878F16}.Debug|x64.Build.0 = Debug|x64
		{794CD47E-24C2-5C04-C1D9-1340D2878F16}.Debug|Win32.ActiveCfg = Debug|Win32
		{794CD47E-24C2-5C04-C1D9-1340D2878F16}.Debug|Win32.Build.0 = Debug|Win32
		{794CD47E-24C2-5C04-C1D9-1340D2878F16}.Release|x64.ActiveCfg = Release|x64
		{794CD47E-24C2-5C04-C1D9-1340D2878F16}.Release|x64.Build.0 = Release|x64
		{794CD47E-24C2-5C04-C1D9-1340D2878F16}.Release|Win32.ActiveCfg = Release|Win32
		{794CD47E-24C2-5C04-C1D9-1340D2878F16}.Release|Win32.Build.0 = Release|Win32
		{87C4600A-174C-BD8F-AD54-8DDA5A8768AD}.Debug|x64.ActiveCfg = Debug|x64
		{87C4600A-174C-BD8F-AD54-8DDA5A8768AD}.Debug|x64.Build.0 = Debug|x64
		{87C4600A-174C-BD8F-AD54-8DDA5A8768AD}.Debug|Win32.ActiveCfg = Debug|Win32
		{87C4600A-174C-BD8F-AD54-8DDA5A8768AD}.Debug|Win32.Build.0 = Debug|Win32
		{87C4600A-174C-BD8F-AD54-8DDA5A8768AD}.Release|x64.ActiveCfg = Release|x64
		{87C4600A-174C-BD8F-AD54-8DDA5A8768AD}.Release|x64.Build.0 = Release|x64
		{87C4600A-174C-BD8F-AD54-8DDA5A8768AD}.Release|Win32.ActiveCfg = Release|Win32
		{87C4600A-174C-BD8F-AD54-8DDA5A8768AD}.Release|Win32.Build.0 = Release|Win32
		{8FA14C1B-915C-BACE-771E-08A41FF52F24}.Debug|x64.ActiveCfg = Debug|x64
		{8FA14C1B-915C-BACE-771E-08A41FF52F24}.Debug|x64.Build.0 = Debug|x64
		{8FA14C1B-915C-BACE-771E-08A41FF52F24}.Debug|Win32.ActiveCfg = Debug|Win32
		{8FA14C1B-915C-BACE-771E-08A41FF52F24}.Debug|Win32.Build.0 = Debug|Win32
		{8FA14C1B-915C-BACE-771E-08A41FF52F24}.Release|x64.ActiveCfg = Release|x64
		{8FA14C1B-915C-BACE-771E-08A41FF52F24}.Release|x64.Build.0 = Release|x64
		{8FA14C1B-915C-BACE-771E-08A41FF52F24}.Release|Win32.ActiveCfg = Release|Win32
		{8FA14C1B-915C-BACE-771E-08A41FF52F24}.Release|Win32.Build.0 = Release|Win32
		{9D87D9F3-B1D9-A1FC-F5F7-CD604F0D2925}.Debug|x64.ActiveCfg = Debug|x64
		{9D87D9F3-B1D9-A1FC-F5F7-CD604F0D2925}.Debug|x64.Build.0 = Debug|x64
		{9D87D9F3-B1D9-A1FC-F5F7-CD604F0D2925}.Debug|Win32.ActiveCfg = Debug|Win32
		{9D87D9F3-B1D9-A1FC-F5F7-CD604F0D2925}.Debug|Win32.Build.0 = Debug|Win32
		{9D87D9F3-B1D9-A1FC-F5F7-CD604F0D2925}.Release|x64.ActiveCfg = Release|x64
		{9D87D9F3-B1D9-A1FC-F5F7-CD604F0D2925}.Release|x64.Build.0 = Release|x64
		{9D87D9F3-B1D9-A1FC-F5F7-CD604F0D2925}.Release|Win32.ActiveCfg = Release|Win32
		{9D87D9F3-B1D9-A1FC-F5F7-CD604F0D2925}.Release|Win32.Build.0 = Release|Win32
		{A23BA8DF-D533-7DD3-9EB4-09D244F1E5E7}.Debug|x64.ActiveCfg = Debug|x64
		{A23BA8DF-D533-7DD3-9EB4-09D244F1E5E7}.Debug|x64.Build.0 = Debug|x64
		{A23BA8DF-D533-7DD3-9EB4-09D244F1E5E7}.Debug|Win32.ActiveCfg = Debug|Win32
		{A23BA8DF-D533-7DD3-9EB4-09D244F1E5E7}.Debug|Win32.Build.0 = Debug|Win32
		{A23BA8DF-D533-7DD3-9EB4-09D244F1E5E7}.Release|x64.ActiveCfg = Release|x64
		{A23BA8DF-D533-7DD3-9EB4-09D244F1E5E7}.Release|x64.Build.0 = Release|x64
		{A23BA8DF-D533-7DD3-9EB4-09D244F1E5E7}.Release|Win32.ActiveCfg = Release|Win32
		{A23BA8DF-D533-7DD3-9EB4-09D244F1E5E7}.Release|Win32.Build.0 = Release|Win32
		{A8675E42-EEE6-F153-2AAE-1E40DB7404A8}.Debug|x64.ActiveCfg = Debug|x64
		{A8675E42-EEE6-F153-2AAE-1E40DB7404A8}.Debug|x64.Build.0 = Debug|x64
		{A8675E42-EEE6-F153-2AAE-1E40DB7404A8}.Debug|Win32.ActiveCfg = Debug|Win32
		{A8675E42-EEE6-F153-2AAE-1E40DB7404A8}.Debug|Win32.Build.0 = Debug|Win32
		{A8675E42-EEE6-F153-2AAE-1E40DB7404A8}.Release|x64.ActiveCfg = Release|x64
		{A8675E42-EEE6-F153-2AAE-1E40DB7404A8}.Release|x64.Build.0 = Release|x64
		{A8675E42-EEE6-F153-2AAE-1E40DB7404A8}.Release|Win32.ActiveCfg = Release|Win32
		{A8675E42-EEE6-F153-2AAE-1E40DB7404A8}.Release|Win32.Build.0 = Release|Win32
		{B1F5E206-F8F6-44F1-B587-A9B96C0F3C13}.Debug|x64.ActiveCfg = Debug|x64
		{B1F5E206-F8F6-44F1-B587-A9B96C0F3C13}.Debug|x64.Build.0 = Debug|x64
		{B1F5E206-F8F6-44F1-B587-A9B96C0F3C13}.Debug|Win32.ActiveCfg = Debug|Win32
		{B1F5E206-F8F6-44F1-B587-A9B96C0F3C13}.Debug|Win32.Build.0 = Debug|Win32
		{B1F5E206-F8F6-44F1-B587-A9B96C0F3C13}.Release|x64.ActiveCfg = Release|x64
		{B1F5E206-F8F6-44F1-B587-A9B96C0F3C13}.Release|x64.Build.0 = Release|x64
		{B1F5E206-F8F6-44F1-B587-A9B96C0F3C13}.Release|Win32.ActiveCfg = Release|Win32
		{B1F5E206-F8F6-44F1-B587-A9B96C0F3C13}.Release|Win32.Build.0 = Release|Win32
		{BC1FC8FA-3D6D-A552-429D-2765BD9A0505}.Debug|x64.ActiveCfg = Debug|x64
		{BC1FC8FA-3D6D-A552-429D-2765BD9A0505}.Debug|x64.Build.0 = Debug|x64
		{BC1FC8FA-3D6D-A552-429D-2765BD9A0505}.Debug|Win32.ActiveCfg = Debug|Win32
		{BC1FC8FA-3D6D-A552-429D-2765BD9A0505}.Debug|Win32.Build.0 = Debug|Win32
		{BC1FC8FA-3D6D-A552-429D-2765BD9A0505}.Release|x64.ActiveCfg = Release|x64
		{BC1FC8FA-3D6D-A552-429D-2765BD9A0505}.Release|x64.Build.0 = Release|x64
		{BC1FC8FA-3D6D-A552-429D-2765BD9A0505}.Release|Win32.ActiveCfg = Release|Win32
		{BC1FC8FA-3D6D-A552-429D-2765BD9A0505}.Release|Win32.Build.0 = Release|Win32
		{C790EA48-E301-323A-B6EC-F8A10399B015}.Debug|x64.ActiveCfg = Debug|x64
		{C790EA48-E301-323A-B6EC-F8A10399B015}.Debug|x64.Build.0 = Debug|x64
		{C790EA48-E301-323A-B6EC-F8A10399B015}.Debug|Win32.ActiveCfg = Debug|Win32
		{C790EA48-E301-323A-B6EC-F8A10399B015}.Debug|Win32.Build.0 = Debug|Win32
		{C790EA48-E301-323A-B6EC-F8A10399B015}.Release|x64.ActiveCfg = Release|x64
		{C790EA48-E301-323A-B6EC-F8A10399B015}.Release|x64.Build.0 = Release|x64
		{C790EA48-E301-323A-B6EC-F8A10399B015}.Release|Win32.ActiveCfg = Release|Win32
		{C790EA48-E301-323A-B6EC-F8A10399B015}.Release|Win32.Build.0 = Release|Win32
		{DF043B29-BC87-2605-2476-31A719FD98A6}.Debug|x64.ActiveCfg = Debug|x64
		{DF043B29-BC87-2605-2476-31A719FD98A6}.Debug|x64.Build.0 = Debug|x64
		{DF043B29-BC87-2605-2476-31A719FD98A6}.Debug|Win32.ActiveCfg = Debug|Win32
		{DF043B29-BC87-2605-2476-31A719FD98A6}.Debug|Win32.Build.0 = Debug|Win32
		{DF043B29-BC87-2605-2476-31A719FD98A6}.Release|x64.ActiveCfg = Release|x64
		{DF043B29-BC87-2605-2476-31A719FD98A6}.Release|x64.Build.0 = Release|x64
		{DF043B29-BC87-2605-2476-31A719FD98A6}.Release|Win32.ActiveCfg = Release|Win32
		{DF043B29-BC87-2605-2476-31A719FD98A6}.Release|Win32.Build.0 = Release|Win32
		{F2DC6ABD-3D0E-F2F8-2B4E-0A93A5890349}.Debug|x64.ActiveCfg = Debug|x64
		{F2DC6ABD-3D0E-F2F8-2B4E-0A93A5890349}.Debug|x64.Build.0 = Debug|x64
		{F2DC6ABD-3D0E-F2F8-2B4E-0A93A5890349}.Debug|Win32.ActiveCfg = Debug|Win32
		{F2DC6ABD-3D0E-F2F8-2B4E-0A93A5890349}.Debug|Win32.Build.0 = Debug|Win32
		{F2DC6ABD-3D0E-F2F8-2B4E-0A93A5890349}.Release|x64.ActiveCfg = Release|x64
		{F2DC6ABD-3D0E-F2F8-2B4E-0A93A5890349}.Release|x64.Build.0 = Release|x64
		{F2DC6ABD-3D0E-F2F8-2B4E-0A93A5890349}.Release|Win32.ActiveCfg = Release|Win32
		{F2DC6ABD-3D0E-F2F8-2B4E-0A93A5890349}.Release|Win32.Build.0 = Release|Win32
		{F59243A3-A235-C366-E748-CC582E695EA9}.Debug|x64.ActiveCfg = Debug|x64
		{F59243A3-A235-C366-E748-CC582E695EA9}.Debug|x64.Build.0 = Debug|x64
		{F59243A3-A235-C366-E748-CC582E695EA9}.Debug|Win32.ActiveCfg = Debug|Win32
		{F59243A3-A235-C366-E748-CC582E695EA9}.Debug|Win32.Build.0 = Debug|Win32
		{F59243A3-A235-C366-E748-CC582E695EA9}.Release|x64.ActiveCfg = Release|x64
		{F59243A3-A235-C366-E748-CC582E695EA9}.Release|x64.Build.0 = Release|x64
		{F59243A3-A235-C366-E748-CC582E695EA9}.Release|Win32.ActiveCfg = Release|Win32
		{F59243A3-A235-C366-E748-CC582E695EA9}.Release|Win32.Build.0 = Release|Win32
		{F6A41D07-50C0-48A5-CF61-9614A89A38CE}.Debug|x64.ActiveCfg = Debug|x64
		{F6A41D07-50C0-48A5-CF61-9614A89A38CE}.Debug|x64.Build.0 = Debug|x64
		{F6A41D07-50C0-48A5-CF61-9614A89A38CE}.Debug|Win32.ActiveCfg = Debug|Win32
		{F6A41D07-50C0-48A5-CF61-9614A89A38CE}.Debug|Win32.Build.0 = Debug|Win32
		{F6A41D07-50C0-48A5-CF61-9614A89A38CE}.Release|x64.ActiveCfg = Release|x64
		{F6A41D07-50C0-48A5-CF61-9614A89A38CE}.Release|x64.Build.0 = Release|x64
		{F6A41D07-50C0-48A5-CF61-9614A89A38CE}.Release|Win32.ActiveCfg = Release|Win32
		{F6A41D07-50C0-48A5-CF61-9614A89A38CE}.Release|Win32.Build.0 = Release|Win32
		{FE47DC2F-8C6C-D859-9F3A-205D25333632}.Debug|x64.ActiveCfg = Debug|x64
		{FE47DC2F-8C6C-D859-9F3A-205D25333632}.Debug|x64.Build.0 = Debug|x64
		{FE47DC2F-8C6C-D859-9F3A-205D25333632}.Debug|Win32.ActiveCfg = Debug|Win32
		{FE47DC2F-8C6C-D859-9F3A-205D25333632}.Debug|Win32.Build.0 = Debug|Win32
		{FE47DC2F-8C6C-D859-9F3A-205D25333632}.Release|x64.ActiveCfg = Release|x64
		{FE47DC2F-8C6C-D859-9F3A-205D25333632}.Release|x64.Build.0 = Release|x64
		{FE47DC2F-8C6C-D859-9F3A-205D25333632}.Release|Win32.ActiveCfg = Release|Win32
		{FE47DC2F-8C6C-D859-9F3A-205D25333632}.Release|Win32.Build.0 = Release|Win32
	EndGlobalSection
	GlobalSection(SolutionProperties) = preSolution
		HideSolutionNode = FALSE
	EndGlobalSection
EndGlobal
