<?xml version="1.0" encoding="utf-8"?>
<Project ToolsVersion="4.0" xmlns="http://schemas.microsoft.com/developer/msbuild/2003">
  <ItemGroup>
    <Filter Include="..">
      <UniqueIdentifier>{739DB09A-CC57-A953-A6CF-F64FA08E4FA7}</UniqueIdentifier>
    </Filter>
    <Filter Include="..\interface">
      <UniqueIdentifier>{D45E0FBD-84A7-45CA-36AC-7A06BD0C9BF7}</UniqueIdentifier>
    </Filter>
    <Filter Include="..">
      <UniqueIdentifier>{739DB09A-CC57-A953-A6CF-F64FA08E4FA7}</UniqueIdentifier>
    </Filter>
    <Filter Include="..\interface">
      <UniqueIdentifier>{D45E0FBD-84A7-45CA-36AC-7A06BD0C9BF7}</UniqueIdentifier>
    </Filter>
    <Filter Include="..">
      <UniqueIdentifier>{739DB09A-CC57-A953-A6CF-F64FA08E4FA7}</UniqueIdentifier>
    </Filter>
    <Filter Include="..\interface">
      <UniqueIdentifier>{D45E0FBD-84A7-45CA-36AC-7A06BD0C9BF7}</UniqueIdentifier>
    </Filter>
    <Filter Include="..">
      <UniqueIdentifier>{739DB09A-CC57-A953-A6CF-F64FA08E4FA7}</UniqueIdentifier>
    </Filter>
    <Filter Include="..\interface">
      <UniqueIdentifier>{D45E0FBD-84A7-45CA-36AC-7A06BD0C9BF7}</UniqueIdentifier>
    </Filter>
    <Filter Include="..">
      <UniqueIdentifier>{739DB09A-CC57-A953-A6CF-F64FA08E4FA7}</UniqueIdentifier>
    </Filter>
    <Filter Include="..\interface">
      <UniqueIdentifier>{D45E0FBD-84A7-45CA-36AC-7A06BD0C9BF7}</UniqueIdentifier>
    </Filter>
    <Filter Include="..">
      <UniqueIdentifier>{739DB09A-CC57-A953-A6CF-F64FA08E4FA7}</UniqueIdentifier>
    </Filter>
    <Filter Include="..\interface">
      <UniqueIdentifier>{D45E0FBD-84A7-45CA-36AC-7A06BD0C9BF7}</UniqueIdentifier>
    </Filter>
    <Filter Include="..">
      <UniqueIdentifier>{739DB09A-CC57-A953-A6CF-F64FA08E4FA7}</UniqueIdentifier>
    </Filter>
    <Filter Include="..\interface">
      <UniqueIdentifier>{D45E0FBD-84A7-45CA-36AC-7A06BD0C9BF7}</UniqueIdentifier>
    </Filter>
    <Filter Include="..">
      <UniqueIdentifier>{739DB09A-CC57-A953-A6CF-F64FA08E4FA7}</UniqueIdentifier>
    </Filter>
    <Filter Include="..\interface">
      <UniqueIdentifier>{D45E0FBD-84A7-45CA-36AC-7A06BD0C9BF7}</UniqueIdentifier>
    </Filter>
    <Filter Include="..">
      <UniqueIdentifier>{739DB09A-CC57-A953-A6CF-F64FA08E4FA7}</UniqueIdentifier>
    </Filter>
    <Filter Include="..\interface">
      <UniqueIdentifier>{D45E0FBD-84A7-45CA-36AC-7A06BD0C9BF7}</UniqueIdentifier>
    </Filter>
    <Filter Include="..">
      <UniqueIdentifier>{739DB09A-CC57-A953-A6CF-F64FA08E4FA7}</UniqueIdentifier>
    </Filter>
    <Filter Include="..\interface">
      <UniqueIdentifier>{D45E0FBD-84A7-45CA-36AC-7A06BD0C9BF7}</UniqueIdentifier>
    </Filter>
    <Filter Include="..">
      <UniqueIdentifier>{739DB09A-CC57-A953-A6CF-F64FA08E4FA7}</UniqueIdentifier>
    </Filter>
    <Filter Include="..\interface">
      <UniqueIdentifier>{D45E0FBD-84A7-45CA-36AC-7A06BD0C9BF7}</UniqueIdentifier>
    </Filter>
    <Filter Include="..">
      <UniqueIdentifier>{739DB09A-CC57-A953-A6CF-F64FA08E4FA7}</UniqueIdentifier>
    </Filter>
    <Filter Include="..\interface">
      <UniqueIdentifier>{D45E0FBD-84A7-45CA-36AC-7A06BD0C9BF7}</UniqueIdentifier>
    </Filter>
    <Filter Include="..">
      <UniqueIdentifier>{739DB09A-CC57-A953-A6CF-F64FA08E4FA7}</UniqueIdentifier>
    </Filter>
    <Filter Include="..\interface">
      <UniqueIdentifier>{D45E0FBD-84A7-45CA-36AC-7A06BD0C9BF7}</UniqueIdentifier>
    </Filter>
    <Filter Include="..">
      <UniqueIdentifier>{739DB09A-CC57-A953-A6CF-F64FA08E4FA7}</UniqueIdentifier>
    </Filter>
    <Filter Include="..\interface">
      <UniqueIdentifier>{D45E0FBD-84A7-45CA-36AC-7A06BD0C9BF7}</UniqueIdentifier>
    </Filter>
    <Filter Include="..">
      <UniqueIdentifier>{739DB09A-CC57-A953-A6CF-F64FA08E4FA7}</UniqueIdentifier>
    </Filter>
    <Filter Include="..\interface">
      <UniqueIdentifier>{D45E0FBD-84A7-45CA-36AC-7A06BD0C9BF7}</UniqueIdentifier>
    </Filter>
    <Filter Include="..">
      <UniqueIdentifier>{739DB09A-CC57-A953-A6CF-F64FA08E4FA7}</UniqueIdentifier>
    </Filter>
    <Filter Include="..\interface">
      <UniqueIdentifier>{D45E0FBD-84A7-45CA-36AC-7A06BD0C9BF7}</UniqueIdentifier>
    </Filter>
    <Filter Include="..">
      <UniqueIdentifier>{739DB09A-CC57-A953-A6CF-F64FA08E4FA7}</UniqueIdentifier>
    </Filter>
    <Filter Include="..\interface">
      <UniqueIdentifier>{D45E0FBD-84A7-45CA-36AC-7A06BD0C9BF7}</UniqueIdentifier>
    </Filter>
    <Filter Include="..">
      <UniqueIdentifier>{739DB09A-CC57-A953-A6CF-F64FA08E4FA7}</UniqueIdentifier>
    </Filter>
    <Filter Include="..\interface">
      <UniqueIdentifier>{D45E0FBD-84A7-45CA-36AC-7A06BD0C9BF7}</UniqueIdentifier>
    </Filter>
    <Filter Include="..">
      <UniqueIdentifier>{739DB09A-CC57-A953-A6CF-F64FA08E4FA7}</UniqueIdentifier>
    </Filter>
    <Filter Include="..\interface">
      <UniqueIdentifier>{D45E0FBD-84A7-45CA-36AC-7A06BD0C9BF7}</UniqueIdentifier>
    </Filter>
    <Filter Include="..">
      <UniqueIdentifier>{739DB09A-CC57-A953-A6CF-F64FA08E4FA7}</UniqueIdentifier>
    </Filter>
    <Filter Include="..\interface">
      <UniqueIdentifier>{D45E0FBD-84A7-45CA-36AC-7A06BD0C9BF7}</UniqueIdentifier>
    </Filter>
    <Filter Include="..">
      <UniqueIdentifier>{739DB09A-CC57-A953-A6CF-F64FA08E4FA7}</UniqueIdentifier>
    </Filter>
    <Filter Include="..\interface">
      <UniqueIdentifier>{D45E0FBD-84A7-45CA-36AC-7A06BD0C9BF7}</UniqueIdentifier>
    </Filter>
    <Filter Include="..">
      <UniqueIdentifier>{739DB09A-CC57-A953-A6CF-F64FA08E4FA7}</UniqueIdentifier>
    </Filter>
    <Filter Include="..\interface">
      <UniqueIdentifier>{D45E0FBD-84A7-45CA-36AC-7A06BD0C9BF7}</UniqueIdentifier>
    </Filter>
    <Filter Include="..">
      <UniqueIdentifier>{739DB09A-CC57-A953-A6CF-F64FA08E4FA7}</UniqueIdentifier>
    </Filter>
    <Filter Include="..\interface">
      <UniqueIdentifier>{D45E0FBD-84A7-45CA-36AC-7A06BD0C9BF7}</UniqueIdentifier>
    </Filter>
    <Filter Include="..">
      <UniqueIdentifier>{739DB09A-CC57-A953-A6CF-F64FA08E4FA7}</UniqueIdentifier>
    </Filter>
    <Filter Include="..\interface">
      <UniqueIdentifier>{D45E0FBD-84A7-45CA-36AC-7A06BD0C9BF7}</UniqueIdentifier>
    </Filter>
    <Filter Include="..">
      <UniqueIdentifier>{739DB09A-CC57-A953-A6CF-F64FA08E4FA7}</UniqueIdentifier>
    </Filter>
    <Filter Include="..\interface">
      <UniqueIdentifier>{D45E0FBD-84A7-45CA-36AC-7A06BD0C9BF7}</UniqueIdentifier>
    </Filter>
    <Filter Include="..">
      <UniqueIdentifier>{739DB09A-CC57-A953-A6CF-F64FA08E4FA7}</UniqueIdentifier>
    </Filter>
    <Filter Include="..\interface">
      <UniqueIdentifier>{D45E0FBD-84A7-45CA-36AC-7A06BD0C9BF7}</UniqueIdentifier>
    </Filter>
    <Filter Include="..">
      <UniqueIdentifier>{739DB09A-CC57-A953-A6CF-F64FA08E4FA7}</UniqueIdentifier>
    </Filter>
    <Filter Include="..\interface">
      <UniqueIdentifier>{D45E0FBD-84A7-45CA-36AC-7A06BD0C9BF7}</UniqueIdentifier>
    </Filter>
    <Filter Include="..">
      <UniqueIdentifier>{739DB09A-CC57-A953-A6CF-F64FA08E4FA7}</UniqueIdentifier>
    </Filter>
    <Filter Include="..\interface">
      <UniqueIdentifier>{D45E0FBD-84A7-45CA-36AC-7A06BD0C9BF7}</UniqueIdentifier>
    </Filter>
    <Filter Include="..">
      <UniqueIdentifier>{739DB09A-CC57-A953-A6CF-F64FA08E4FA7}</UniqueIdentifier>
    </Filter>
    <Filter Include="..\interface">
      <UniqueIdentifier>{D45E0FBD-84A7-45CA-36AC-7A06BD0C9BF7}</UniqueIdentifier>
    </Filter>
    <Filter Include="..">
      <UniqueIdentifier>{739DB09A-CC57-A953-A6CF-F64FA08E4FA7}</UniqueIdentifier>
    </Filter>
    <Filter Include="..\interface">
      <UniqueIdentifier>{D45E0FBD-84A7-45CA-36AC-7A06BD0C9BF7}</UniqueIdentifier>
    </Filter>
    <Filter Include="..">
      <UniqueIdentifier>{739DB09A-CC57-A953-A6CF-F64FA08E4FA7}</UniqueIdentifier>
    </Filter>
    <Filter Include="..\interface">
      <UniqueIdentifier>{D45E0FBD-84A7-45CA-36AC-7A06BD0C9BF7}</UniqueIdentifier>
    </Filter>
    <Filter Include="..">
      <UniqueIdentifier>{739DB09A-CC57-A953-A6CF-F64FA08E4FA7}</UniqueIdentifier>
    </Filter>
    <Filter Include="..\interface">
      <UniqueIdentifier>{D45E0FBD-84A7-45CA-36AC-7A06BD0C9BF7}</UniqueIdentifier>
    </Filter>
    <Filter Include="..">
      <UniqueIdentifier>{739DB09A-CC57-A953-A6CF-F64FA08E4FA7}</UniqueIdentifier>
    </Filter>
    <Filter Include="..\interface">
      <UniqueIdentifier>{D45E0FBD-84A7-45CA-36AC-7A06BD0C9BF7}</UniqueIdentifier>
    </Filter>
    <Filter Include="..">
      <UniqueIdentifier>{739DB09A-CC57-A953-A6CF-F64FA08E4FA7}</UniqueIdentifier>
    </Filter>
    <Filter Include="..\interface">
      <UniqueIdentifier>{D45E0FBD-84A7-45CA-36AC-7A06BD0C9BF7}</UniqueIdentifier>
    </Filter>
    <Filter Include="..">
      <UniqueIdentifier>{739DB09A-CC57-A953-A6CF-F64FA08E4FA7}</UniqueIdentifier>
    </Filter>
    <Filter Include="..\interface">
      <UniqueIdentifier>{D45E0FBD-84A7-45CA-36AC-7A06BD0C9BF7}</UniqueIdentifier>
    </Filter>
    <Filter Include="..">
      <UniqueIdentifier>{739DB09A-CC57-A953-A6CF-F64FA08E4FA7}</UniqueIdentifier>
    </Filter>
    <Filter Include="..\interface">
      <UniqueIdentifier>{D45E0FBD-84A7-45CA-36AC-7A06BD0C9BF7}</UniqueIdentifier>
    </Filter>
    <Filter Include="..\interface\_excluded_files">
      <UniqueIdentifier>{158E591E-B6EA-0C85-8F5A-18EAFA09B4CE}</UniqueIdentifier>
    </Filter>
    <Filter Include="_excluded_files">
      <UniqueIdentifier>{158E591E-B6EA-0C85-8F5A-18EAFA09B4CE}</UniqueIdentifier>
    </Filter>
  </ItemGroup>
  <ItemGroup>
    <ClInclude Include="..\interface\aligned_malloc.h">
      <Filter>..\interface</Filter>
    </ClInclude>
    <ClInclude Include="..\interface\atomic32.h">
      <Filter>..\interface</Filter>
    </ClInclude>
    <ClInclude Include="..\interface\clock.h">
      <Filter>..\interface</Filter>
    </ClInclude>
    <ClInclude Include="..\interface\compile_assert.h">
      <Filter>..\interface</Filter>
    </ClInclude>
    <ClInclude Include="..\interface\condition_variable_wrapper.h">
      <Filter>..\interface</Filter>
    </ClInclude>
    <ClInclude Include="..\interface\cpu_info.h">
      <Filter>..\interface</Filter>
    </ClInclude>
    <ClInclude Include="..\interface\cpu_features_wrapper.h">
      <Filter>..\interface</Filter>
    </ClInclude>
    <ClInclude Include="..\interface\critical_section_wrapper.h">
      <Filter>..\interface</Filter>
    </ClInclude>
    <ClInclude Include="..\interface\data_log.h">
      <Filter>..\interface</Filter>
    </ClInclude>
    <ClInclude Include="..\interface\data_log_c.h">
      <Filter>..\interface</Filter>
    </ClInclude>
    <ClInclude Include="..\interface\data_log_impl.h">
      <Filter>..\interface</Filter>
    </ClInclude>
    <ClInclude Include="..\interface\event_tracer.h">
      <Filter>..\interface</Filter>
    </ClInclude>
    <ClInclude Include="..\interface\event_wrapper.h">
      <Filter>..\interface</Filter>
    </ClInclude>
    <ClInclude Include="..\interface\field_trial.h">
      <Filter>..\interface</Filter>
    </ClInclude>
    <ClInclude Include="..\interface\file_wrapper.h">
      <Filter>..\interface</Filter>
    </ClInclude>
    <ClInclude Include="..\interface\fix_interlocked_exchange_pointer_win.h">
      <Filter>..\interface</Filter>
    </ClInclude>
    <ClInclude Include="..\interface\logging.h">
      <Filter>..\interface</Filter>
    </ClInclude>
    <ClInclude Include="..\interface\ref_count.h">
      <Filter>..\interface</Filter>
    </ClInclude>
    <ClInclude Include="..\interface\rtp_to_ntp.h">
      <Filter>..\interface</Filter>
    </ClInclude>
    <ClInclude Include="..\interface\rw_lock_wrapper.h">
      <Filter>..\interface</Filter>
    </ClInclude>
    <ClInclude Include="..\interface\scoped_ptr.h">
      <Filter>..\interface</Filter>
    </ClInclude>
    <ClInclude Include="..\interface\scoped_refptr.h">
      <Filter>..\interface</Filter>
    </ClInclude>
    <ClInclude Include="..\interface\scoped_vector.h">
      <Filter>..\interface</Filter>
    </ClInclude>
    <ClInclude Include="..\interface\sleep.h">
      <Filter>..\interface</Filter>
    </ClInclude>
    <ClInclude Include="..\interface\sort.h">
      <Filter>..\interface</Filter>
    </ClInclude>
    <ClInclude Include="..\interface\static_instance.h">
      <Filter>..\interface</Filter>
    </ClInclude>
    <ClInclude Include="..\interface\stl_util.h">
      <Filter>..\interface</Filter>
    </ClInclude>
    <ClInclude Include="..\interface\stringize_macros.h">
      <Filter>..\interface</Filter>
    </ClInclude>
    <ClInclude Include="..\interface\thread_annotations.h">
      <Filter>..\interface</Filter>
    </ClInclude>
    <ClInclude Include="..\interface\thread_wrapper.h">
      <Filter>..\interface</Filter>
    </ClInclude>
    <ClInclude Include="..\interface\tick_util.h">
      <Filter>..\interface</Filter>
    </ClInclude>
    <ClInclude Include="..\interface\timestamp_extrapolator.h">
      <Filter>..\interface</Filter>
    </ClInclude>
    <ClInclude Include="..\interface\trace.h">
      <Filter>..\interface</Filter>
    </ClInclude>
    <ClInclude Include="..\interface\trace_event.h">
      <Filter>..\interface</Filter>
    </ClInclude>
    <ClInclude Include="..\interface\utf_util_win.h">
      <Filter>..\interface</Filter>
    </ClInclude>
    <ClCompile Include="aligned_malloc.cc"/>
    <ClCompile Include="atomic32_win.cc"/>
    <ClCompile Include="clock.cc"/>
    <ClCompile Include="condition_variable.cc"/>
    <ClCompile Include="condition_variable_event_win.cc"/>
    <ClInclude Include="condition_variable_event_win.h"/>
    <ClCompile Include="condition_variable_native_win.cc"/>
    <ClInclude Include="condition_variable_native_win.h"/>
    <ClCompile Include="cpu_info.cc"/>
    <ClCompile Include="cpu_features.cc"/>
    <ClCompile Include="critical_section.cc"/>
    <ClCompile Include="critical_section_win.cc"/>
    <ClInclude Include="critical_section_win.h"/>
    <ClCompile Include="data_log_c.cc"/>
    <ClCompile Include="data_log_no_op.cc"/>
    <ClCompile Include="event.cc"/>
    <ClCompile Include="event_tracer.cc"/>
    <ClCompile Include="event_win.cc"/>
    <ClInclude Include="event_win.h"/>
    <ClCompile Include="file_impl.cc"/>
    <ClInclude Include="file_impl.h"/>
    <ClCompile Include="logging.cc"/>
    <ClCompile Include="rtp_to_ntp.cc"/>
    <ClCompile Include="rw_lock.cc"/>
    <ClCompile Include="rw_lock_generic.cc"/>
    <ClInclude Include="rw_lock_generic.h"/>
    <ClCompile Include="rw_lock_win.cc"/>
    <ClInclude Include="rw_lock_win.h"/>
    <ClInclude Include="set_thread_name_win.h"/>
    <ClCompile Include="sleep.cc"/>
    <ClCompile Include="sort.cc"/>
    <ClCompile Include="tick_util.cc"/>
    <ClCompile Include="thread.cc"/>
    <ClCompile Include="thread_win.cc"/>
    <ClInclude Include="thread_win.h"/>
    <ClCompile Include="timestamp_extrapolator.cc"/>
    <ClCompile Include="trace_impl.cc"/>
    <ClInclude Include="trace_impl.h"/>
    <ClCompile Include="trace_win.cc"/>
    <ClInclude Include="trace_win.h"/>
    <None Include="system_wrappers.gyp"/>
    <ClInclude Include="..\interface\logcat_trace_context.h">
      <Filter>..\interface\_excluded_files</Filter>
    </ClInclude>
    <ClCompile Include="atomic32_mac.cc">
      <Filter>_excluded_files</Filter>
    </ClCompile>
    <ClCompile Include="atomic32_posix.cc">
      <Filter>_excluded_files</Filter>
    </ClCompile>
    <ClCompile Include="condition_variable_posix.cc">
      <Filter>_excluded_files</Filter>
    </ClCompile>
    <ClInclude Include="condition_variable_posix.h">
      <Filter>_excluded_files</Filter>
    </ClInclude>
    <ClCompile Include="critical_section_posix.cc">
      <Filter>_excluded_files</Filter>
    </ClCompile>
    <ClInclude Include="critical_section_posix.h">
      <Filter>_excluded_files</Filter>
    </ClInclude>
    <ClCompile Include="data_log.cc">
      <Filter>_excluded_files</Filter>
    </ClCompile>
    <ClCompile Include="event_posix.cc">
      <Filter>_excluded_files</Filter>
    </ClCompile>
    <ClInclude Include="event_posix.h">
      <Filter>_excluded_files</Filter>
    </ClInclude>
    <ClCompile Include="logcat_trace_context.cc">
      <Filter>_excluded_files</Filter>
    </ClCompile>
    <ClCompile Include="rw_lock_posix.cc">
      <Filter>_excluded_files</Filter>
    </ClCompile>
    <ClInclude Include="rw_lock_posix.h">
      <Filter>_excluded_files</Filter>
    </ClInclude>
    <ClCompile Include="thread_posix.cc">
      <Filter>_excluded_files</Filter>
    </ClCompile>
    <ClInclude Include="thread_posix.h">
      <Filter>_excluded_files</Filter>
    </ClInclude>
    <ClCompile Include="trace_posix.cc">
      <Filter>_excluded_files</Filter>
    </ClCompile>
    <ClInclude Include="trace_posix.h">
      <Filter>_excluded_files</Filter>
    </ClInclude>
  </ItemGroup>
</Project>
