<?xml version="1.0" encoding="utf-8"?>
<Project ToolsVersion="4.0" xmlns="http://schemas.microsoft.com/developer/msbuild/2003">
  <ItemGroup>
    <Filter Include="_excluded_files">
      <UniqueIdentifier>{158E591E-B6EA-0C85-8F5A-18EAFA09B4CE}</UniqueIdentifier>
    </Filter>
  </ItemGroup>
  <ItemGroup>
    <ClCompile Include="aligned_malloc_unittest.cc"/>
    <ClCompile Include="clock_unittest.cc"/>
    <ClCompile Include="condition_variable_unittest.cc"/>
    <ClCompile Include="critical_section_unittest.cc"/>
    <ClCompile Include="event_tracer_unittest.cc"/>
    <ClCompile Include="logging_unittest.cc"/>
    <ClCompile Include="data_log_unittest_disabled.cc"/>
    <ClCompile Include="data_log_helpers_unittest.cc"/>
    <ClCompile Include="data_log_c_helpers_unittest.c"/>
    <ClInclude Include="data_log_c_helpers_unittest.h"/>
    <ClCompile Include="rtp_to_ntp_unittest.cc"/>
    <ClCompile Include="scoped_vector_unittest.cc"/>
    <ClCompile Include="stringize_macros_unittest.cc"/>
    <ClCompile Include="stl_util_unittest.cc"/>
    <ClCompile Include="thread_unittest.cc"/>
    <None Include="system_wrappers_tests.gyp"/>
    <ClCompile Include="data_log_unittest.cc">
      <Filter>_excluded_files</Filter>
    </ClCompile>
    <ClCompile Include="thread_posix_unittest.cc">
      <Filter>_excluded_files</Filter>
    </ClCompile>
  </ItemGroup>
</Project>
