Microsoft Visual Studio Solution File, Format Version 13.00
# Visual Studio 2013
Project("{8BC9CEB8-8B4A-11D0-8D11-00A0C91BC942}") = "command_line_parser", "..\..\..\..\tools\command_line_parser.vcxproj", "{9FD23C97-BEA2-19D0-82BE-B21402B55792}"
EndProject
Project("{8BC9CEB8-8B4A-11D0-8D11-00A0C91BC942}") = "common_video", "..\..\..\..\common_video\common_video.vcxproj", "{45F0DD50-D5C3-A59D-282E-A044DD3208DE}"
EndProject
Project("{8BC9CEB8-8B4A-11D0-8D11-00A0C91BC942}") = "config_sources", "..\..\..\..\..\third_party\yasm\config_sources.vcxproj", "{65C6FA9B-BEC3-2FD3-DC33-08583B44A651}"
EndProject
Project("{8BC9CEB8-8B4A-11D0-8D11-00A0C91BC942}") = "copy_icudtl_dat", "..\..\..\..\..\third_party\icu\copy_icudtl_dat.vcxproj", "{65D005C9-8C2B-AF31-0940-4192A914BD58}"
EndProject
Project("{8BC9CEB8-8B4A-11D0-8D11-00A0C91BC942}") = "field_trial", "..\..\..\..\test\field_trial.vcxproj", "{87C4600A-174C-BD8F-AD54-8DDA5A8768AD}"
EndProject
Project("{8BC9CEB8-8B4A-11D0-8D11-00A0C91BC942}") = "gen_asm_offsets_vp8", "..\..\..\..\..\third_party\libvpx\gen_asm_offsets_vp8.vcxproj", "{7D9D3971-A19B-D7D8-3F3F-9B95A7940326}"
	ProjectSection(ProjectDependencies) = postProject
		{8CE7AA74-24C8-6C67-569B-8845D9C36E1C} = {8CE7AA74-24C8-6C67-569B-8845D9C36E1C}
		{31B6AE38-90A0-7D7D-8B44-2D57DE0A870F} = {31B6AE38-90A0-7D7D-8B44-2D57DE0A870F}
	EndProjectSection
EndProject
Project("{8BC9CEB8-8B4A-11D0-8D11-00A0C91BC942}") = "generate_files", "..\..\..\..\..\third_party\yasm\generate_files.vcxproj", "{E33D379B-F4CF-F6ED-7DD3-AC07BA215AFD}"
	ProjectSection(ProjectDependencies) = postProject
		{7C5AEB1A-782C-106E-A4D4-25668C68DD7A} = {7C5AEB1A-782C-106E-A4D4-25668C68DD7A}
		{D65FA29E-0867-FE88-A4F5-050911FBB9D2} = {D65FA29E-0867-FE88-A4F5-050911FBB9D2}
	EndProjectSection
EndProject
Project("{8BC9CEB8-8B4A-11D0-8D11-00A0C91BC942}") = "genmacro", "..\..\..\..\..\third_party\yasm\genmacro.vcxproj", "{08FAFD9C-2A0D-42F7-EEAF-0BA5F4CFBB1C}"
	ProjectSection(ProjectDependencies) = postProject
		{65C6FA9B-BEC3-2FD3-DC33-08583B44A651} = {65C6FA9B-BEC3-2FD3-DC33-08583B44A651}
	EndProjectSection
EndProject
Project("{8BC9CEB8-8B4A-11D0-8D11-00A0C91BC942}") = "genmodule", "..\..\..\..\..\third_party\yasm\genmodule.vcxproj", "{F70F97B5-9CAB-E977-EC88-B1287BCEE2CF}"
	ProjectSection(ProjectDependencies) = postProject
		{65C6FA9B-BEC3-2FD3-DC33-08583B44A651} = {65C6FA9B-BEC3-2FD3-DC33-08583B44A651}
	EndProjectSection
EndProject
Project("{8BC9CEB8-8B4A-11D0-8D11-00A0C91BC942}") = "genperf", "..\..\..\..\..\third_party\yasm\genperf.vcxproj", "{7C5AEB1A-782C-106E-A4D4-25668C68DD7A}"
	ProjectSection(ProjectDependencies) = postProject
		{7E2A0BC4-6A6F-232C-1CB1-AA3D78AEA8E0} = {7E2A0BC4-6A6F-232C-1CB1-AA3D78AEA8E0}
		{65C6FA9B-BEC3-2FD3-DC33-08583B44A651} = {65C6FA9B-BEC3-2FD3-DC33-08583B44A651}
	EndProjectSection
EndProject
Project("{8BC9CEB8-8B4A-11D0-8D11-00A0C91BC942}") = "genperf_libs", "..\..\..\..\..\third_party\yasm\genperf_libs.vcxproj", "{7E2A0BC4-6A6F-232C-1CB1-AA3D78AEA8E0}"
	ProjectSection(ProjectDependencies) = postProject
		{65C6FA9B-BEC3-2FD3-DC33-08583B44A651} = {65C6FA9B-BEC3-2FD3-DC33-08583B44A651}
	EndProjectSection
EndProject
Project("{8BC9CEB8-8B4A-11D0-8D11-00A0C91BC942}") = "genstring", "..\..\..\..\..\third_party\yasm\genstring.vcxproj", "{8F39E111-EC43-570B-D329-88D3D757E870}"
	ProjectSection(ProjectDependencies) = postProject
		{65C6FA9B-BEC3-2FD3-DC33-08583B44A651} = {65C6FA9B-BEC3-2FD3-DC33-08583B44A651}
	EndProjectSection
EndProject
Project("{8BC9CEB8-8B4A-11D0-8D11-00A0C91BC942}") = "genversion", "..\..\..\..\..\third_party\yasm\genversion.vcxproj", "{D65FA29E-0867-FE88-A4F5-050911FBB9D2}"
	ProjectSection(ProjectDependencies) = postProject
		{65C6FA9B-BEC3-2FD3-DC33-08583B44A651} = {65C6FA9B-BEC3-2FD3-DC33-08583B44A651}
	EndProjectSection
EndProject
Project("{8BC9CEB8-8B4A-11D0-8D11-00A0C91BC942}") = "gflags", "..\..\..\..\..\third_party\gflags\gflags.vcxproj", "{A23BA8DF-D533-7DD3-9EB4-09D244F1E5E7}"
EndProject
Project("{8BC9CEB8-8B4A-11D0-8D11-00A0C91BC942}") = "gmock", "..\..\..\..\..\testing\gmock.vcxproj", "{BC1FC8FA-3D6D-A552-429D-2765BD9A0505}"
EndProject
Project("{8BC9CEB8-8B4A-11D0-8D11-00A0C91BC942}") = "gtest", "..\..\..\..\..\testing\gtest.vcxproj", "{F6A41D07-50C0-48A5-CF61-9614A89A38CE}"
	ProjectSection(ProjectDependencies) = postProject
		{3F1C2A95-D711-A041-9BAA-AF3414A082DD} = {3F1C2A95-D711-A041-9BAA-AF3414A082DD}
	EndProjectSection
EndProject
Project("{8BC9CEB8-8B4A-11D0-8D11-00A0C91BC942}") = "gtest_prod", "..\..\..\..\..\testing\gtest_prod.vcxproj", "{3F1C2A95-D711-A041-9BAA-AF3414A082DD}"
EndProject
Project("{8BC9CEB8-8B4A-11D0-8D11-00A0C91BC942}") = "icudata", "..\..\..\..\..\third_party\icu\icudata.vcxproj", "{C790EA48-E301-323A-B6EC-F8A10399B015}"
	ProjectSection(ProjectDependencies) = postProject
		{65D005C9-8C2B-AF31-0940-4192A914BD58} = {65D005C9-8C2B-AF31-0940-4192A914BD58}
	EndProjectSection
EndProject
Project("{8BC9CEB8-8B4A-11D0-8D11-00A0C91BC942}") = "icui18n", "..\..\..\..\..\third_party\icu\icui18n.vcxproj", "{B1F5E206-F8F6-44F1-B587-A9B96C0F3C13}"
EndProject
Project("{8BC9CEB8-8B4A-11D0-8D11-00A0C91BC942}") = "icuuc", "..\..\..\..\..\third_party\icu\icuuc.vcxproj", "{794CD47E-24C2-5C04-C1D9-1340D2878F16}"
EndProject
Project("{8BC9CEB8-8B4A-11D0-8D11-00A0C91BC942}") = "jsoncpp", "..\..\..\..\..\third_party\jsoncpp\jsoncpp.vcxproj", "{16BBC5E6-2A70-A2CA-6BE9-C5431CA8CBA0}"
EndProject
Project("{8BC9CEB8-8B4A-11D0-8D11-00A0C91BC942}") = "libjpeg", "..\..\..\..\..\third_party\libjpeg_turbo\libjpeg.vcxproj", "{B65890F9-11A8-FDC0-7A34-67968074DF8F}"
EndProject
Project("{8BC9CEB8-8B4A-11D0-8D11-00A0C91BC942}") = "libssl", "..\..\..\..\..\net\third_party\nss\libssl.vcxproj", "{66702722-A929-6412-459A-FBA158B70094}"
EndProject
Project("{8BC9CEB8-8B4A-11D0-8D11-00A0C91BC942}") = "libvpx", "..\..\..\..\..\third_party\libvpx\libvpx.vcxproj", "{EB11188E-905B-A44D-85A0-6A02797CE267}"
	ProjectSection(ProjectDependencies) = postProject
		{7D9D3971-A19B-D7D8-3F3F-9B95A7940326} = {7D9D3971-A19B-D7D8-3F3F-9B95A7940326}
		{7992A6DC-EE5B-4153-FF55-B2313C4AB236} = {7992A6DC-EE5B-4153-FF55-B2313C4AB236}
	EndProjectSection
EndProject
Project("{8BC9CEB8-8B4A-11D0-8D11-00A0C91BC942}") = "libvpx_asm_offsets_vp8", "..\..\..\..\..\third_party\libvpx\libvpx_asm_offsets_vp8.vcxproj", "{8CE7AA74-24C8-6C67-569B-8845D9C36E1C}"
EndProject
Project("{8BC9CEB8-8B4A-11D0-8D11-00A0C91BC942}") = "libvpx_intrinsics_mmx", "..\..\..\..\..\third_party\libvpx\libvpx_intrinsics_mmx.vcxproj", "{7FCF1C43-BB40-9CAD-F74B-1B3386F6A991}"
EndProject
Project("{8BC9CEB8-8B4A-11D0-8D11-00A0C91BC942}") = "libvpx_intrinsics_sse2", "..\..\..\..\..\third_party\libvpx\libvpx_intrinsics_sse2.vcxproj", "{D5BFADB1-3F0E-8594-0CF6-11250413352F}"
EndProject
Project("{8BC9CEB8-8B4A-11D0-8D11-00A0C91BC942}") = "libvpx_intrinsics_sse4_1", "..\..\..\..\..\third_party\libvpx\libvpx_intrinsics_sse4_1.vcxproj", "{24328344-462A-3AFD-369C-D6DB89CF1D9D}"
EndProject
Project("{8BC9CEB8-8B4A-11D0-8D11-00A0C91BC942}") = "libvpx_intrinsics_ssse3", "..\..\..\..\..\third_party\libvpx\libvpx_intrinsics_ssse3.vcxproj", "{5E24D589-12BF-8EA4-1DDA-B357ABC55779}"
EndProject
Project("{8BC9CEB8-8B4A-11D0-8D11-00A0C91BC942}") = "libvpx_obj_int_extract", "..\..\..\..\..\third_party\libvpx\libvpx_obj_int_extract.vcxproj", "{31B6AE38-90A0-7D7D-8B44-2D57DE0A870F}"
EndProject
Project("{8BC9CEB8-8B4A-11D0-8D11-00A0C91BC942}") = "libyuv", "..\..\..\..\..\third_party\libyuv\libyuv.vcxproj", "{795554DC-6843-2DCD-3996-922FDD7F4F99}"
EndProject
Project("{8BC9CEB8-8B4A-11D0-8D11-00A0C91BC942}") = "metrics", "..\..\..\..\test\metrics.vcxproj", "{4E146B8D-661C-5272-9DB0-36F831BDD731}"
EndProject
Project("{8BC9CEB8-8B4A-11D0-8D11-00A0C91BC942}") = "nspr", "..\..\..\..\..\third_party\nss\nspr.vcxproj", "{A8675E42-EEE6-F153-2AAE-1E40DB7404A8}"
EndProject
Project("{8BC9CEB8-8B4A-11D0-8D11-00A0C91BC942}") = "nss", "..\..\..\..\..\third_party\nss\nss.vcxproj", "{20E2528C-2CA1-90A8-04FB-712EF64D43DE}"
EndProject
Project("{8BC9CEB8-8B4A-11D0-8D11-00A0C91BC942}") = "nss_static", "..\..\..\..\..\third_party\nss\nss_static.vcxproj", "{F59243A3-A235-C366-E748-CC582E695EA9}"
EndProject
Project("{8BC9CEB8-8B4A-11D0-8D11-00A0C91BC942}") = "re2c", "..\..\..\..\..\third_party\yasm\re2c.vcxproj", "{D2981223-E2A0-DE2C-30B0-849E84908975}"
	ProjectSection(ProjectDependencies) = postProject
		{65C6FA9B-BEC3-2FD3-DC33-08583B44A651} = {65C6FA9B-BEC3-2FD3-DC33-08583B44A651}
	EndProjectSection
EndProject
Project("{8BC9CEB8-8B4A-11D0-8D11-00A0C91BC942}") = "sqlite", "..\..\..\..\..\third_party\sqlite\sqlite.vcxproj", "{35E98BCE-108A-2132-77C7-A3F2715C1976}"
EndProject
Project("{8BC9CEB8-8B4A-11D0-8D11-00A0C91BC942}") = "system_wrappers", "..\..\..\..\system_wrappers\source\system_wrappers.vcxproj", "{8FA14C1B-915C-BACE-771E-08A41FF52F24}"
EndProject
Project("{8BC9CEB8-8B4A-11D0-8D11-00A0C91BC942}") = "test_support", "..\..\..\..\test\test_support.vcxproj", "{9D87D9F3-B1D9-A1FC-F5F7-CD604F0D2925}"
EndProject
Project("{8BC9CEB8-8B4A-11D0-8D11-00A0C91BC942}") = "test_support_main", "..\..\..\..\test\test_support_main.vcxproj", "{FE47DC2F-8C6C-D859-9F3A-205D25333632}"
EndProject
Project("{8BC9CEB8-8B4A-11D0-8D11-00A0C91BC942}") = "video_coding_utility", "..\..\utility\video_coding_utility.vcxproj", "{7B9DA7BA-7083-8726-049E-37E442543A9A}"
EndProject
Project("{8BC9CEB8-8B4A-11D0-8D11-00A0C91BC942}") = "vp8_coder", "vp8_coder.vcxproj", "{5A8763C6-99B9-1AB1-22EC-9D68736B0227}"
	ProjectSection(ProjectDependencies) = postProject
		{2E6AD7AF-C1A9-F45B-DCFE-D59C41870473} = {2E6AD7AF-C1A9-F45B-DCFE-D59C41870473}
		{45F0DD50-D5C3-A59D-282E-A044DD3208DE} = {45F0DD50-D5C3-A59D-282E-A044DD3208DE}
		{4E146B8D-661C-5272-9DB0-36F831BDD731} = {4E146B8D-661C-5272-9DB0-36F831BDD731}
		{F6A41D07-50C0-48A5-CF61-9614A89A38CE} = {F6A41D07-50C0-48A5-CF61-9614A89A38CE}
		{8FA14C1B-915C-BACE-771E-08A41FF52F24} = {8FA14C1B-915C-BACE-771E-08A41FF52F24}
		{FE47DC2F-8C6C-D859-9F3A-205D25333632} = {FE47DC2F-8C6C-D859-9F3A-205D25333632}
		{9FD23C97-BEA2-19D0-82BE-B21402B55792} = {9FD23C97-BEA2-19D0-82BE-B21402B55792}
		{2367011B-20DA-F9E8-0E3F-6AFA5C9E6957} = {2367011B-20DA-F9E8-0E3F-6AFA5C9E6957}
		{16BBC5E6-2A70-A2CA-6BE9-C5431CA8CBA0} = {16BBC5E6-2A70-A2CA-6BE9-C5431CA8CBA0}
		{66702722-A929-6412-459A-FBA158B70094} = {66702722-A929-6412-459A-FBA158B70094}
		{A8675E42-EEE6-F153-2AAE-1E40DB7404A8} = {A8675E42-EEE6-F153-2AAE-1E40DB7404A8}
		{20E2528C-2CA1-90A8-04FB-712EF64D43DE} = {20E2528C-2CA1-90A8-04FB-712EF64D43DE}
		{F59243A3-A235-C366-E748-CC582E695EA9} = {F59243A3-A235-C366-E748-CC582E695EA9}
		{35E98BCE-108A-2132-77C7-A3F2715C1976} = {35E98BCE-108A-2132-77C7-A3F2715C1976}
		{B1F5E206-F8F6-44F1-B587-A9B96C0F3C13} = {B1F5E206-F8F6-44F1-B587-A9B96C0F3C13}
		{794CD47E-24C2-5C04-C1D9-1340D2878F16} = {794CD47E-24C2-5C04-C1D9-1340D2878F16}
		{C790EA48-E301-323A-B6EC-F8A10399B015} = {C790EA48-E301-323A-B6EC-F8A10399B015}
		{65D005C9-8C2B-AF31-0940-4192A914BD58} = {65D005C9-8C2B-AF31-0940-4192A914BD58}
		{795554DC-6843-2DCD-3996-922FDD7F4F99} = {795554DC-6843-2DCD-3996-922FDD7F4F99}
		{B65890F9-11A8-FDC0-7A34-67968074DF8F} = {B65890F9-11A8-FDC0-7A34-67968074DF8F}
		{7B9DA7BA-7083-8726-049E-37E442543A9A} = {7B9DA7BA-7083-8726-049E-37E442543A9A}
		{EB11188E-905B-A44D-85A0-6A02797CE267} = {EB11188E-905B-A44D-85A0-6A02797CE267}
		{7D9D3971-A19B-D7D8-3F3F-9B95A7940326} = {7D9D3971-A19B-D7D8-3F3F-9B95A7940326}
		{8CE7AA74-24C8-6C67-569B-8845D9C36E1C} = {8CE7AA74-24C8-6C67-569B-8845D9C36E1C}
		{7FCF1C43-BB40-9CAD-F74B-1B3386F6A991} = {7FCF1C43-BB40-9CAD-F74B-1B3386F6A991}
		{D5BFADB1-3F0E-8594-0CF6-11250413352F} = {D5BFADB1-3F0E-8594-0CF6-11250413352F}
		{5E24D589-12BF-8EA4-1DDA-B357ABC55779} = {5E24D589-12BF-8EA4-1DDA-B357ABC55779}
		{24328344-462A-3AFD-369C-D6DB89CF1D9D} = {24328344-462A-3AFD-369C-D6DB89CF1D9D}
		{3F1C2A95-D711-A041-9BAA-AF3414A082DD} = {3F1C2A95-D711-A041-9BAA-AF3414A082DD}
		{87C4600A-174C-BD8F-AD54-8DDA5A8768AD} = {87C4600A-174C-BD8F-AD54-8DDA5A8768AD}
		{9D87D9F3-B1D9-A1FC-F5F7-CD604F0D2925} = {9D87D9F3-B1D9-A1FC-F5F7-CD604F0D2925}
		{BC1FC8FA-3D6D-A552-429D-2765BD9A0505} = {BC1FC8FA-3D6D-A552-429D-2765BD9A0505}
		{A23BA8DF-D533-7DD3-9EB4-09D244F1E5E7} = {A23BA8DF-D533-7DD3-9EB4-09D244F1E5E7}
	EndProjectSection
EndProject
Project("{8BC9CEB8-8B4A-11D0-8D11-00A0C91BC942}") = "webrtc_base", "..\..\..\..\base\webrtc_base.vcxproj", "{2367011B-20DA-F9E8-0E3F-6AFA5C9E6957}"
EndProject
Project("{8BC9CEB8-8B4A-11D0-8D11-00A0C91BC942}") = "webrtc_vp8", "webrtc_vp8.vcxproj", "{2E6AD7AF-C1A9-F45B-DCFE-D59C41870473}"
EndProject
Project("{8BC9CEB8-8B4A-11D0-8D11-00A0C91BC942}") = "yasm", "..\..\..\..\..\third_party\yasm\yasm.vcxproj", "{7992A6DC-EE5B-4153-FF55-B2313C4AB236}"
	ProjectSection(ProjectDependencies) = postProject
		{65C6FA9B-BEC3-2FD3-DC33-08583B44A651} = {65C6FA9B-BEC3-2FD3-DC33-08583B44A651}
		{08FAFD9C-2A0D-42F7-EEAF-0BA5F4CFBB1C} = {08FAFD9C-2A0D-42F7-EEAF-0BA5F4CFBB1C}
		{F70F97B5-9CAB-E977-EC88-B1287BCEE2CF} = {F70F97B5-9CAB-E977-EC88-B1287BCEE2CF}
		{7C5AEB1A-782C-106E-A4D4-25668C68DD7A} = {7C5AEB1A-782C-106E-A4D4-25668C68DD7A}
		{7E2A0BC4-6A6F-232C-1CB1-AA3D78AEA8E0} = {7E2A0BC4-6A6F-232C-1CB1-AA3D78AEA8E0}
		{E33D379B-F4CF-F6ED-7DD3-AC07BA215AFD} = {E33D379B-F4CF-F6ED-7DD3-AC07BA215AFD}
		{8F39E111-EC43-570B-D329-88D3D757E870} = {8F39E111-EC43-570B-D329-88D3D757E870}
		{D2981223-E2A0-DE2C-30B0-849E84908975} = {D2981223-E2A0-DE2C-30B0-849E84908975}
	EndProjectSection
EndProject
Global
	GlobalSection(SolutionConfigurationPlatforms) = preSolution
		Debug|x64 = Debug|x64
		Debug|Win32 = Debug|Win32
		Release|x64 = Release|x64
		Release|Win32 = Release|Win32
	EndGlobalSection
	GlobalSection(ProjectConfigurationPlatforms) = postSolution
		{08FAFD9C-2A0D-42F7-EEAF-0BA5F4CFBB1C}.Debug|x64.ActiveCfg = Debug|x64
		{08FAFD9C-2A0D-42F7-EEAF-0BA5F4CFBB1C}.Debug|x64.Build.0 = Debug|x64
		{08FAFD9C-2A0D-42F7-EEAF-0BA5F4CFBB1C}.Debug|Win32.ActiveCfg = Debug|Win32
		{08FAFD9C-2A0D-42F7-EEAF-0BA5F4CFBB1C}.Debug|Win32.Build.0 = Debug|Win32
		{08FAFD9C-2A0D-42F7-EEAF-0BA5F4CFBB1C}.Release|x64.ActiveCfg = Release|x64
		{08FAFD9C-2A0D-42F7-EEAF-0BA5F4CFBB1C}.Release|x64.Build.0 = Release|x64
		{08FAFD9C-2A0D-42F7-EEAF-0BA5F4CFBB1C}.Release|Win32.ActiveCfg = Release|Win32
		{08FAFD9C-2A0D-42F7-EEAF-0BA5F4CFBB1C}.Release|Win32.Build.0 = Release|Win32
		{16BBC5E6-2A70-A2CA-6BE9-C5431CA8CBA0}.Debug|x64.ActiveCfg = Debug|x64
		{16BBC5E6-2A70-A2CA-6BE9-C5431CA8CBA0}.Debug|x64.Build.0 = Debug|x64
		{16BBC5E6-2A70-A2CA-6BE9-C5431CA8CBA0}.Debug|Win32.ActiveCfg = Debug|Win32
		{16BBC5E6-2A70-A2CA-6BE9-C5431CA8CBA0}.Debug|Win32.Build.0 = Debug|Win32
		{16BBC5E6-2A70-A2CA-6BE9-C5431CA8CBA0}.Release|x64.ActiveCfg = Release|x64
		{16BBC5E6-2A70-A2CA-6BE9-C5431CA8CBA0}.Release|x64.Build.0 = Release|x64
		{16BBC5E6-2A70-A2CA-6BE9-C5431CA8CBA0}.Release|Win32.ActiveCfg = Release|Win32
		{16BBC5E6-2A70-A2CA-6BE9-C5431CA8CBA0}.Release|Win32.Build.0 = Release|Win32
		{20E2528C-2CA1-90A8-04FB-712EF64D43DE}.Debug|x64.ActiveCfg = Debug|x64
		{20E2528C-2CA1-90A8-04FB-712EF64D43DE}.Debug|x64.Build.0 = Debug|x64
		{20E2528C-2CA1-90A8-04FB-712EF64D43DE}.Debug|Win32.ActiveCfg = Debug|Win32
		{20E2528C-2CA1-90A8-04FB-712EF64D43DE}.Debug|Win32.Build.0 = Debug|Win32
		{20E2528C-2CA1-90A8-04FB-712EF64D43DE}.Release|x64.ActiveCfg = Release|x64
		{20E2528C-2CA1-90A8-04FB-712EF64D43DE}.Release|x64.Build.0 = Release|x64
		{20E2528C-2CA1-90A8-04FB-712EF64D43DE}.Release|Win32.ActiveCfg = Release|Win32
		{20E2528C-2CA1-90A8-04FB-712EF64D43DE}.Release|Win32.Build.0 = Release|Win32
		{2367011B-20DA-F9E8-0E3F-6AFA5C9E6957}.Debug|x64.ActiveCfg = Debug|x64
		{2367011B-20DA-F9E8-0E3F-6AFA5C9E6957}.Debug|x64.Build.0 = Debug|x64
		{2367011B-20DA-F9E8-0E3F-6AFA5C9E6957}.Debug|Win32.ActiveCfg = Debug|Win32
		{2367011B-20DA-F9E8-0E3F-6AFA5C9E6957}.Debug|Win32.Build.0 = Debug|Win32
		{2367011B-20DA-F9E8-0E3F-6AFA5C9E6957}.Release|x64.ActiveCfg = Release|x64
		{2367011B-20DA-F9E8-0E3F-6AFA5C9E6957}.Release|x64.Build.0 = Release|x64
		{2367011B-20DA-F9E8-0E3F-6AFA5C9E6957}.Release|Win32.ActiveCfg = Release|Win32
		{2367011B-20DA-F9E8-0E3F-6AFA5C9E6957}.Release|Win32.Build.0 = Release|Win32
		{24328344-462A-3AFD-369C-D6DB89CF1D9D}.Debug|x64.ActiveCfg = Debug|x64
		{24328344-462A-3AFD-369C-D6DB89CF1D9D}.Debug|x64.Build.0 = Debug|x64
		{24328344-462A-3AFD-369C-D6DB89CF1D9D}.Debug|Win32.ActiveCfg = Debug|Win32
		{24328344-462A-3AFD-369C-D6DB89CF1D9D}.Debug|Win32.Build.0 = Debug|Win32
		{24328344-462A-3AFD-369C-D6DB89CF1D9D}.Release|x64.ActiveCfg = Release|x64
		{24328344-462A-3AFD-369C-D6DB89CF1D9D}.Release|x64.Build.0 = Release|x64
		{24328344-462A-3AFD-369C-D6DB89CF1D9D}.Release|Win32.ActiveCfg = Release|Win32
		{24328344-462A-3AFD-369C-D6DB89CF1D9D}.Release|Win32.Build.0 = Release|Win32
		{2E6AD7AF-C1A9-F45B-DCFE-D59C41870473}.Debug|x64.ActiveCfg = Debug|x64
		{2E6AD7AF-C1A9-F45B-DCFE-D59C41870473}.Debug|x64.Build.0 = Debug|x64
		{2E6AD7AF-C1A9-F45B-DCFE-D59C41870473}.Debug|Win32.ActiveCfg = Debug|Win32
		{2E6AD7AF-C1A9-F45B-DCFE-D59C41870473}.Debug|Win32.Build.0 = Debug|Win32
		{2E6AD7AF-C1A9-F45B-DCFE-D59C41870473}.Release|x64.ActiveCfg = Release|x64
		{2E6AD7AF-C1A9-F45B-DCFE-D59C41870473}.Release|x64.Build.0 = Release|x64
		{2E6AD7AF-C1A9-F45B-DCFE-D59C41870473}.Release|Win32.ActiveCfg = Release|Win32
		{2E6AD7AF-C1A9-F45B-DCFE-D59C41870473}.Release|Win32.Build.0 = Release|Win32
		{31B6AE38-90A0-7D7D-8B44-2D57DE0A870F}.Debug|x64.ActiveCfg = Debug|x64
		{31B6AE38-90A0-7D7D-8B44-2D57DE0A870F}.Debug|x64.Build.0 = Debug|x64
		{31B6AE38-90A0-7D7D-8B44-2D57DE0A870F}.Debug|Win32.ActiveCfg = Debug|Win32
		{31B6AE38-90A0-7D7D-8B44-2D57DE0A870F}.Debug|Win32.Build.0 = Debug|Win32
		{31B6AE38-90A0-7D7D-8B44-2D57DE0A870F}.Release|x64.ActiveCfg = Release|x64
		{31B6AE38-90A0-7D7D-8B44-2D57DE0A870F}.Release|x64.Build.0 = Release|x64
		{31B6AE38-90A0-7D7D-8B44-2D57DE0A870F}.Release|Win32.ActiveCfg = Release|Win32
		{31B6AE38-90A0-7D7D-8B44-2D57DE0A870F}.Release|Win32.Build.0 = Release|Win32
		{35E98BCE-108A-2132-77C7-A3F2715C1976}.Debug|x64.ActiveCfg = Debug|x64
		{35E98BCE-108A-2132-77C7-A3F2715C1976}.Debug|x64.Build.0 = Debug|x64
		{35E98BCE-108A-2132-77C7-A3F2715C1976}.Debug|Win32.ActiveCfg = Debug|Win32
		{35E98BCE-108A-2132-77C7-A3F2715C1976}.Debug|Win32.Build.0 = Debug|Win32
		{35E98BCE-108A-2132-77C7-A3F2715C1976}.Release|x64.ActiveCfg = Release|x64
		{35E98BCE-108A-2132-77C7-A3F2715C1976}.Release|x64.Build.0 = Release|x64
		{35E98BCE-108A-2132-77C7-A3F2715C1976}.Release|Win32.ActiveCfg = Release|Win32
		{35E98BCE-108A-2132-77C7-A3F2715C1976}.Release|Win32.Build.0 = Release|Win32
		{3F1C2A95-D711-A041-9BAA-AF3414A082DD}.Debug|x64.ActiveCfg = Debug|x64
		{3F1C2A95-D711-A041-9BAA-AF3414A082DD}.Debug|x64.Build.0 = Debug|x64
		{3F1C2A95-D711-A041-9BAA-AF3414A082DD}.Debug|Win32.ActiveCfg = Debug|Win32
		{3F1C2A95-D711-A041-9BAA-AF3414A082DD}.Debug|Win32.Build.0 = Debug|Win32
		{3F1C2A95-D711-A041-9BAA-AF3414A082DD}.Release|x64.ActiveCfg = Release|x64
		{3F1C2A95-D711-A041-9BAA-AF3414A082DD}.Release|x64.Build.0 = Release|x64
		{3F1C2A95-D711-A041-9BAA-AF3414A082DD}.Release|Win32.ActiveCfg = Release|Win32
		{3F1C2A95-D711-A041-9BAA-AF3414A082DD}.Release|Win32.Build.0 = Release|Win32
		{45F0DD50-D5C3-A59D-282E-A044DD3208DE}.Debug|x64.ActiveCfg = Debug|x64
		{45F0DD50-D5C3-A59D-282E-A044DD3208DE}.Debug|x64.Build.0 = Debug|x64
		{45F0DD50-D5C3-A59D-282E-A044DD3208DE}.Debug|Win32.ActiveCfg = Debug|Win32
		{45F0DD50-D5C3-A59D-282E-A044DD3208DE}.Debug|Win32.Build.0 = Debug|Win32
		{45F0DD50-D5C3-A59D-282E-A044DD3208DE}.Release|x64.ActiveCfg = Release|x64
		{45F0DD50-D5C3-A59D-282E-A044DD3208DE}.Release|x64.Build.0 = Release|x64
		{45F0DD50-D5C3-A59D-282E-A044DD3208DE}.Release|Win32.ActiveCfg = Release|Win32
		{45F0DD50-D5C3-A59D-282E-A044DD3208DE}.Release|Win32.Build.0 = Release|Win32
		{4E146B8D-661C-5272-9DB0-36F831BDD731}.Debug|x64.ActiveCfg = Debug|x64
		{4E146B8D-661C-5272-9DB0-36F831BDD731}.Debug|x64.Build.0 = Debug|x64
		{4E146B8D-661C-5272-9DB0-36F831BDD731}.Debug|Win32.ActiveCfg = Debug|Win32
		{4E146B8D-661C-5272-9DB0-36F831BDD731}.Debug|Win32.Build.0 = Debug|Win32
		{4E146B8D-661C-5272-9DB0-36F831BDD731}.Release|x64.ActiveCfg = Release|x64
		{4E146B8D-661C-5272-9DB0-36F831BDD731}.Release|x64.Build.0 = Release|x64
		{4E146B8D-661C-5272-9DB0-36F831BDD731}.Release|Win32.ActiveCfg = Release|Win32
		{4E146B8D-661C-5272-9DB0-36F831BDD731}.Release|Win32.Build.0 = Release|Win32
		{5A8763C6-99B9-1AB1-22EC-9D68736B0227}.Debug|x64.ActiveCfg = Debug|x64
		{5A8763C6-99B9-1AB1-22EC-9D68736B0227}.Debug|x64.Build.0 = Debug|x64
		{5A8763C6-99B9-1AB1-22EC-9D68736B0227}.Debug|Win32.ActiveCfg = Debug|Win32
		{5A8763C6-99B9-1AB1-22EC-9D68736B0227}.Debug|Win32.Build.0 = Debug|Win32
		{5A8763C6-99B9-1AB1-22EC-9D68736B0227}.Release|x64.ActiveCfg = Release|x64
		{5A8763C6-99B9-1AB1-22EC-9D68736B0227}.Release|x64.Build.0 = Release|x64
		{5A8763C6-99B9-1AB1-22EC-9D68736B0227}.Release|Win32.ActiveCfg = Release|Win32
		{5A8763C6-99B9-1AB1-22EC-9D68736B0227}.Release|Win32.Build.0 = Release|Win32
		{5E24D589-12BF-8EA4-1DDA-B357ABC55779}.Debug|x64.ActiveCfg = Debug|x64
		{5E24D589-12BF-8EA4-1DDA-B357ABC55779}.Debug|x64.Build.0 = Debug|x64
		{5E24D589-12BF-8EA4-1DDA-B357ABC55779}.Debug|Win32.ActiveCfg = Debug|Win32
		{5E24D589-12BF-8EA4-1DDA-B357ABC55779}.Debug|Win32.Build.0 = Debug|Win32
		{5E24D589-12BF-8EA4-1DDA-B357ABC55779}.Release|x64.ActiveCfg = Release|x64
		{5E24D589-12BF-8EA4-1DDA-B357ABC55779}.Release|x64.Build.0 = Release|x64
		{5E24D589-12BF-8EA4-1DDA-B357ABC55779}.Release|Win32.ActiveCfg = Release|Win32
		{5E24D589-12BF-8EA4-1DDA-B357ABC55779}.Release|Win32.Build.0 = Release|Win32
		{65C6FA9B-BEC3-2FD3-DC33-08583B44A651}.Debug|x64.ActiveCfg = Debug|x64
		{65C6FA9B-BEC3-2FD3-DC33-08583B44A651}.Debug|x64.Build.0 = Debug|x64
		{65C6FA9B-BEC3-2FD3-DC33-08583B44A651}.Debug|Win32.ActiveCfg = Debug|Win32
		{65C6FA9B-BEC3-2FD3-DC33-08583B44A651}.Debug|Win32.Build.0 = Debug|Win32
		{65C6FA9B-BEC3-2FD3-DC33-08583B44A651}.Release|x64.ActiveCfg = Release|x64
		{65C6FA9B-BEC3-2FD3-DC33-08583B44A651}.Release|x64.Build.0 = Release|x64
		{65C6FA9B-BEC3-2FD3-DC33-08583B44A651}.Release|Win32.ActiveCfg = Release|Win32
		{65C6FA9B-BEC3-2FD3-DC33-08583B44A651}.Release|Win32.Build.0 = Release|Win32
		{65D005C9-8C2B-AF31-0940-4192A914BD58}.Debug|x64.ActiveCfg = Debug|x64
		{65D005C9-8C2B-AF31-0940-4192A914BD58}.Debug|x64.Build.0 = Debug|x64
		{65D005C9-8C2B-AF31-0940-4192A914BD58}.Debug|Win32.ActiveCfg = Debug|Win32
		{65D005C9-8C2B-AF31-0940-4192A914BD58}.Debug|Win32.Build.0 = Debug|Win32
		{65D005C9-8C2B-AF31-0940-4192A914BD58}.Release|x64.ActiveCfg = Release|x64
		{65D005C9-8C2B-AF31-0940-4192A914BD58}.Release|x64.Build.0 = Release|x64
		{65D005C9-8C2B-AF31-0940-4192A914BD58}.Release|Win32.ActiveCfg = Release|Win32
		{65D005C9-8C2B-AF31-0940-4192A914BD58}.Release|Win32.Build.0 = Release|Win32
		{66702722-A929-6412-459A-FBA158B70094}.Debug|x64.ActiveCfg = Debug|x64
		{66702722-A929-6412-459A-FBA158B70094}.Debug|x64.Build.0 = Debug|x64
		{66702722-A929-6412-459A-FBA158B70094}.Debug|Win32.ActiveCfg = Debug|Win32
		{66702722-A929-6412-459A-FBA158B70094}.Debug|Win32.Build.0 = Debug|Win32
		{66702722-A929-6412-459A-FBA158B70094}.Release|x64.ActiveCfg = Release|x64
		{66702722-A929-6412-459A-FBA158B70094}.Release|x64.Build.0 = Release|x64
		{66702722-A929-6412-459A-FBA158B70094}.Release|Win32.ActiveCfg = Release|Win32
		{66702722-A929-6412-459A-FBA158B70094}.Release|Win32.Build.0 = Release|Win32
		{794CD47E-24C2-5C04-C1D9-1340D2878F16}.Debug|x64.ActiveCfg = Debug|x64
		{794CD47E-24C2-5C04-C1D9-1340D2878F16}.Debug|x64.Build.0 = Debug|x64
		{794CD47E-24C2-5C04-C1D9-1340D2878F16}.Debug|Win32.ActiveCfg = Debug|Win32
		{794CD47E-24C2-5C04-C1D9-1340D2878F16}.Debug|Win32.Build.0 = Debug|Win32
		{794CD47E-24C2-5C04-C1D9-1340D2878F16}.Release|x64.ActiveCfg = Release|x64
		{794CD47E-24C2-5C04-C1D9-1340D2878F16}.Release|x64.Build.0 = Release|x64
		{794CD47E-24C2-5C04-C1D9-1340D2878F16}.Release|Win32.ActiveCfg = Release|Win32
		{794CD47E-24C2-5C04-C1D9-1340D2878F16}.Release|Win32.Build.0 = Release|Win32
		{795554DC-6843-2DCD-3996-922FDD7F4F99}.Debug|x64.ActiveCfg = Debug|x64
		{795554DC-6843-2DCD-3996-922FDD7F4F99}.Debug|x64.Build.0 = Debug|x64
		{795554DC-6843-2DCD-3996-922FDD7F4F99}.Debug|Win32.ActiveCfg = Debug|Win32
		{795554DC-6843-2DCD-3996-922FDD7F4F99}.Debug|Win32.Build.0 = Debug|Win32
		{795554DC-6843-2DCD-3996-922FDD7F4F99}.Release|x64.ActiveCfg = Release|x64
		{795554DC-6843-2DCD-3996-922FDD7F4F99}.Release|x64.Build.0 = Release|x64
		{795554DC-6843-2DCD-3996-922FDD7F4F99}.Release|Win32.ActiveCfg = Release|Win32
		{795554DC-6843-2DCD-3996-922FDD7F4F99}.Release|Win32.Build.0 = Release|Win32
		{7992A6DC-EE5B-4153-FF55-B2313C4AB236}.Debug|x64.ActiveCfg = Debug|x64
		{7992A6DC-EE5B-4153-FF55-B2313C4AB236}.Debug|x64.Build.0 = Debug|x64
		{7992A6DC-EE5B-4153-FF55-B2313C4AB236}.Debug|Win32.ActiveCfg = Debug|Win32
		{7992A6DC-EE5B-4153-FF55-B2313C4AB236}.Debug|Win32.Build.0 = Debug|Win32
		{7992A6DC-EE5B-4153-FF55-B2313C4AB236}.Release|x64.ActiveCfg = Release|x64
		{7992A6DC-EE5B-4153-FF55-B2313C4AB236}.Release|x64.Build.0 = Release|x64
		{7992A6DC-EE5B-4153-FF55-B2313C4AB236}.Release|Win32.ActiveCfg = Release|Win32
		{7992A6DC-EE5B-4153-FF55-B2313C4AB236}.Release|Win32.Build.0 = Release|Win32
		{7B9DA7BA-7083-8726-049E-37E442543A9A}.Debug|x64.ActiveCfg = Debug|x64
		{7B9DA7BA-7083-8726-049E-37E442543A9A}.Debug|x64.Build.0 = Debug|x64
		{7B9DA7BA-7083-8726-049E-37E442543A9A}.Debug|Win32.ActiveCfg = Debug|Win32
		{7B9DA7BA-7083-8726-049E-37E442543A9A}.Debug|Win32.Build.0 = Debug|Win32
		{7B9DA7BA-7083-8726-049E-37E442543A9A}.Release|x64.ActiveCfg = Release|x64
		{7B9DA7BA-7083-8726-049E-37E442543A9A}.Release|x64.Build.0 = Release|x64
		{7B9DA7BA-7083-8726-049E-37E442543A9A}.Release|Win32.ActiveCfg = Release|Win32
		{7B9DA7BA-7083-8726-049E-37E442543A9A}.Release|Win32.Build.0 = Release|Win32
		{7C5AEB1A-782C-106E-A4D4-25668C68DD7A}.Debug|x64.ActiveCfg = Debug|x64
		{7C5AEB1A-782C-106E-A4D4-25668C68DD7A}.Debug|x64.Build.0 = Debug|x64
		{7C5AEB1A-782C-106E-A4D4-25668C68DD7A}.Debug|Win32.ActiveCfg = Debug|Win32
		{7C5AEB1A-782C-106E-A4D4-25668C68DD7A}.Debug|Win32.Build.0 = Debug|Win32
		{7C5AEB1A-782C-106E-A4D4-25668C68DD7A}.Release|x64.ActiveCfg = Release|x64
		{7C5AEB1A-782C-106E-A4D4-25668C68DD7A}.Release|x64.Build.0 = Release|x64
		{7C5AEB1A-782C-106E-A4D4-25668C68DD7A}.Release|Win32.ActiveCfg = Release|Win32
		{7C5AEB1A-782C-106E-A4D4-25668C68DD7A}.Release|Win32.Build.0 = Release|Win32
		{7D9D3971-A19B-D7D8-3F3F-9B95A7940326}.Debug|x64.ActiveCfg = Debug|x64
		{7D9D3971-A19B-D7D8-3F3F-9B95A7940326}.Debug|x64.Build.0 = Debug|x64
		{7D9D3971-A19B-D7D8-3F3F-9B95A7940326}.Debug|Win32.ActiveCfg = Debug|Win32
		{7D9D3971-A19B-D7D8-3F3F-9B95A7940326}.Debug|Win32.Build.0 = Debug|Win32
		{7D9D3971-A19B-D7D8-3F3F-9B95A7940326}.Release|x64.ActiveCfg = Release|x64
		{7D9D3971-A19B-D7D8-3F3F-9B95A7940326}.Release|x64.Build.0 = Release|x64
		{7D9D3971-A19B-D7D8-3F3F-9B95A7940326}.Release|Win32.ActiveCfg = Release|Win32
		{7D9D3971-A19B-D7D8-3F3F-9B95A7940326}.Release|Win32.Build.0 = Release|Win32
		{7E2A0BC4-6A6F-232C-1CB1-AA3D78AEA8E0}.Debug|x64.ActiveCfg = Debug|x64
		{7E2A0BC4-6A6F-232C-1CB1-AA3D78AEA8E0}.Debug|x64.Build.0 = Debug|x64
		{7E2A0BC4-6A6F-232C-1CB1-AA3D78AEA8E0}.Debug|Win32.ActiveCfg = Debug|Win32
		{7E2A0BC4-6A6F-232C-1CB1-AA3D78AEA8E0}.Debug|Win32.Build.0 = Debug|Win32
		{7E2A0BC4-6A6F-232C-1CB1-AA3D78AEA8E0}.Release|x64.ActiveCfg = Release|x64
		{7E2A0BC4-6A6F-232C-1CB1-AA3D78AEA8E0}.Release|x64.Build.0 = Release|x64
		{7E2A0BC4-6A6F-232C-1CB1-AA3D78AEA8E0}.Release|Win32.ActiveCfg = Release|Win32
		{7E2A0BC4-6A6F-232C-1CB1-AA3D78AEA8E0}.Release|Win32.Build.0 = Release|Win32
		{7FCF1C43-BB40-9CAD-F74B-1B3386F6A991}.Debug|x64.ActiveCfg = Debug|x64
		{7FCF1C43-BB40-9CAD-F74B-1B3386F6A991}.Debug|x64.Build.0 = Debug|x64
		{7FCF1C43-BB40-9CAD-F74B-1B3386F6A991}.Debug|Win32.ActiveCfg = Debug|Win32
		{7FCF1C43-BB40-9CAD-F74B-1B3386F6A991}.Debug|Win32.Build.0 = Debug|Win32
		{7FCF1C43-BB40-9CAD-F74B-1B3386F6A991}.Release|x64.ActiveCfg = Release|x64
		{7FCF1C43-BB40-9CAD-F74B-1B3386F6A991}.Release|x64.Build.0 = Release|x64
		{7FCF1C43-BB40-9CAD-F74B-1B3386F6A991}.Release|Win32.ActiveCfg = Release|Win32
		{7FCF1C43-BB40-9CAD-F74B-1B3386F6A991}.Release|Win32.Build.0 = Release|Win32
		{87C4600A-174C-BD8F-AD54-8DDA5A8768AD}.Debug|x64.ActiveCfg = Debug|x64
		{87C4600A-174C-BD8F-AD54-8DDA5A8768AD}.Debug|x64.Build.0 = Debug|x64
		{87C4600A-174C-BD8F-AD54-8DDA5A8768AD}.Debug|Win32.ActiveCfg = Debug|Win32
		{87C4600A-174C-BD8F-AD54-8DDA5A8768AD}.Debug|Win32.Build.0 = Debug|Win32
		{87C4600A-174C-BD8F-AD54-8DDA5A8768AD}.Release|x64.ActiveCfg = Release|x64
		{87C4600A-174C-BD8F-AD54-8DDA5A8768AD}.Release|x64.Build.0 = Release|x64
		{87C4600A-174C-BD8F-AD54-8DDA5A8768AD}.Release|Win32.ActiveCfg = Release|Win32
		{87C4600A-174C-BD8F-AD54-8DDA5A8768AD}.Release|Win32.Build.0 = Release|Win32
		{8CE7AA74-24C8-6C67-569B-8845D9C36E1C}.Debug|x64.ActiveCfg = Debug|x64
		{8CE7AA74-24C8-6C67-569B-8845D9C36E1C}.Debug|x64.Build.0 = Debug|x64
		{8CE7AA74-24C8-6C67-569B-8845D9C36E1C}.Debug|Win32.ActiveCfg = Debug|Win32
		{8CE7AA74-24C8-6C67-569B-8845D9C36E1C}.Debug|Win32.Build.0 = Debug|Win32
		{8CE7AA74-24C8-6C67-569B-8845D9C36E1C}.Release|x64.ActiveCfg = Release|x64
		{8CE7AA74-24C8-6C67-569B-8845D9C36E1C}.Release|x64.Build.0 = Release|x64
		{8CE7AA74-24C8-6C67-569B-8845D9C36E1C}.Release|Win32.ActiveCfg = Release|Win32
		{8CE7AA74-24C8-6C67-569B-8845D9C36E1C}.Release|Win32.Build.0 = Release|Win32
		{8F39E111-EC43-570B-D329-88D3D757E870}.Debug|x64.ActiveCfg = Debug|x64
		{8F39E111-EC43-570B-D329-88D3D757E870}.Debug|x64.Build.0 = Debug|x64
		{8F39E111-EC43-570B-D329-88D3D757E870}.Debug|Win32.ActiveCfg = Debug|Win32
		{8F39E111-EC43-570B-D329-88D3D757E870}.Debug|Win32.Build.0 = Debug|Win32
		{8F39E111-EC43-570B-D329-88D3D757E870}.Release|x64.ActiveCfg = Release|x64
		{8F39E111-EC43-570B-D329-88D3D757E870}.Release|x64.Build.0 = Release|x64
		{8F39E111-EC43-570B-D329-88D3D757E870}.Release|Win32.ActiveCfg = Release|Win32
		{8F39E111-EC43-570B-D329-88D3D757E870}.Release|Win32.Build.0 = Release|Win32
		{8FA14C1B-915C-BACE-771E-08A41FF52F24}.Debug|x64.ActiveCfg = Debug|x64
		{8FA14C1B-915C-BACE-771E-08A41FF52F24}.Debug|x64.Build.0 = Debug|x64
		{8FA14C1B-915C-BACE-771E-08A41FF52F24}.Debug|Win32.ActiveCfg = Debug|Win32
		{8FA14C1B-915C-BACE-771E-08A41FF52F24}.Debug|Win32.Build.0 = Debug|Win32
		{8FA14C1B-915C-BACE-771E-08A41FF52F24}.Release|x64.ActiveCfg = Release|x64
		{8FA14C1B-915C-BACE-771E-08A41FF52F24}.Release|x64.Build.0 = Release|x64
		{8FA14C1B-915C-BACE-771E-08A41FF52F24}.Release|Win32.ActiveCfg = Release|Win32
		{8FA14C1B-915C-BACE-771E-08A41FF52F24}.Release|Win32.Build.0 = Release|Win32
		{9D87D9F3-B1D9-A1FC-F5F7-CD604F0D2925}.Debug|x64.ActiveCfg = Debug|x64
		{9D87D9F3-B1D9-A1FC-F5F7-CD604F0D2925}.Debug|x64.Build.0 = Debug|x64
		{9D87D9F3-B1D9-A1FC-F5F7-CD604F0D2925}.Debug|Win32.ActiveCfg = Debug|Win32
		{9D87D9F3-B1D9-A1FC-F5F7-CD604F0D2925}.Debug|Win32.Build.0 = Debug|Win32
		{9D87D9F3-B1D9-A1FC-F5F7-CD604F0D2925}.Release|x64.ActiveCfg = Release|x64
		{9D87D9F3-B1D9-A1FC-F5F7-CD604F0D2925}.Release|x64.Build.0 = Release|x64
		{9D87D9F3-B1D9-A1FC-F5F7-CD604F0D2925}.Release|Win32.ActiveCfg = Release|Win32
		{9D87D9F3-B1D9-A1FC-F5F7-CD604F0D2925}.Release|Win32.Build.0 = Release|Win32
		{9FD23C97-BEA2-19D0-82BE-B21402B55792}.Debug|x64.ActiveCfg = Debug|x64
		{9FD23C97-BEA2-19D0-82BE-B21402B55792}.Debug|x64.Build.0 = Debug|x64
		{9FD23C97-BEA2-19D0-82BE-B21402B55792}.Debug|Win32.ActiveCfg = Debug|Win32
		{9FD23C97-BEA2-19D0-82BE-B21402B55792}.Debug|Win32.Build.0 = Debug|Win32
		{9FD23C97-BEA2-19D0-82BE-B21402B55792}.Release|x64.ActiveCfg = Release|x64
		{9FD23C97-BEA2-19D0-82BE-B21402B55792}.Release|x64.Build.0 = Release|x64
		{9FD23C97-BEA2-19D0-82BE-B21402B55792}.Release|Win32.ActiveCfg = Release|Win32
		{9FD23C97-BEA2-19D0-82BE-B21402B55792}.Release|Win32.Build.0 = Release|Win32
		{A23BA8DF-D533-7DD3-9EB4-09D244F1E5E7}.Debug|x64.ActiveCfg = Debug|x64
		{A23BA8DF-D533-7DD3-9EB4-09D244F1E5E7}.Debug|x64.Build.0 = Debug|x64
		{A23BA8DF-D533-7DD3-9EB4-09D244F1E5E7}.Debug|Win32.ActiveCfg = Debug|Win32
		{A23BA8DF-D533-7DD3-9EB4-09D244F1E5E7}.Debug|Win32.Build.0 = Debug|Win32
		{A23BA8DF-D533-7DD3-9EB4-09D244F1E5E7}.Release|x64.ActiveCfg = Release|x64
		{A23BA8DF-D533-7DD3-9EB4-09D244F1E5E7}.Release|x64.Build.0 = Release|x64
		{A23BA8DF-D533-7DD3-9EB4-09D244F1E5E7}.Release|Win32.ActiveCfg = Release|Win32
		{A23BA8DF-D533-7DD3-9EB4-09D244F1E5E7}.Release|Win32.Build.0 = Release|Win32
		{A8675E42-EEE6-F153-2AAE-1E40DB7404A8}.Debug|x64.ActiveCfg = Debug|x64
		{A8675E42-EEE6-F153-2AAE-1E40DB7404A8}.Debug|x64.Build.0 = Debug|x64
		{A8675E42-EEE6-F153-2AAE-1E40DB7404A8}.Debug|Win32.ActiveCfg = Debug|Win32
		{A8675E42-EEE6-F153-2AAE-1E40DB7404A8}.Debug|Win32.Build.0 = Debug|Win32
		{A8675E42-EEE6-F153-2AAE-1E40DB7404A8}.Release|x64.ActiveCfg = Release|x64
		{A8675E42-EEE6-F153-2AAE-1E40DB7404A8}.Release|x64.Build.0 = Release|x64
		{A8675E42-EEE6-F153-2AAE-1E40DB7404A8}.Release|Win32.ActiveCfg = Release|Win32
		{A8675E42-EEE6-F153-2AAE-1E40DB7404A8}.Release|Win32.Build.0 = Release|Win32
		{B1F5E206-F8F6-44F1-B587-A9B96C0F3C13}.Debug|x64.ActiveCfg = Debug|x64
		{B1F5E206-F8F6-44F1-B587-A9B96C0F3C13}.Debug|x64.Build.0 = Debug|x64
		{B1F5E206-F8F6-44F1-B587-A9B96C0F3C13}.Debug|Win32.ActiveCfg = Debug|Win32
		{B1F5E206-F8F6-44F1-B587-A9B96C0F3C13}.Debug|Win32.Build.0 = Debug|Win32
		{B1F5E206-F8F6-44F1-B587-A9B96C0F3C13}.Release|x64.ActiveCfg = Release|x64
		{B1F5E206-F8F6-44F1-B587-A9B96C0F3C13}.Release|x64.Build.0 = Release|x64
		{B1F5E206-F8F6-44F1-B587-A9B96C0F3C13}.Release|Win32.ActiveCfg = Release|Win32
		{B1F5E206-F8F6-44F1-B587-A9B96C0F3C13}.Release|Win32.Build.0 = Release|Win32
		{B65890F9-11A8-FDC0-7A34-67968074DF8F}.Debug|x64.ActiveCfg = Debug|x64
		{B65890F9-11A8-FDC0-7A34-67968074DF8F}.Debug|x64.Build.0 = Debug|x64
		{B65890F9-11A8-FDC0-7A34-67968074DF8F}.Debug|Win32.ActiveCfg = Debug|Win32
		{B65890F9-11A8-FDC0-7A34-67968074DF8F}.Debug|Win32.Build.0 = Debug|Win32
		{B65890F9-11A8-FDC0-7A34-67968074DF8F}.Release|x64.ActiveCfg = Release|x64
		{B65890F9-11A8-FDC0-7A34-67968074DF8F}.Release|x64.Build.0 = Release|x64
		{B65890F9-11A8-FDC0-7A34-67968074DF8F}.Release|Win32.ActiveCfg = Release|Win32
		{B65890F9-11A8-FDC0-7A34-67968074DF8F}.Release|Win32.Build.0 = Release|Win32
		{BC1FC8FA-3D6D-A552-429D-2765BD9A0505}.Debug|x64.ActiveCfg = Debug|x64
		{BC1FC8FA-3D6D-A552-429D-2765BD9A0505}.Debug|x64.Build.0 = Debug|x64
		{BC1FC8FA-3D6D-A552-429D-2765BD9A0505}.Debug|Win32.ActiveCfg = Debug|Win32
		{BC1FC8FA-3D6D-A552-429D-2765BD9A0505}.Debug|Win32.Build.0 = Debug|Win32
		{BC1FC8FA-3D6D-A552-429D-2765BD9A0505}.Release|x64.ActiveCfg = Release|x64
		{BC1FC8FA-3D6D-A552-429D-2765BD9A0505}.Release|x64.Build.0 = Release|x64
		{BC1FC8FA-3D6D-A552-429D-2765BD9A0505}.Release|Win32.ActiveCfg = Release|Win32
		{BC1FC8FA-3D6D-A552-429D-2765BD9A0505}.Release|Win32.Build.0 = Release|Win32
		{C790EA48-E301-323A-B6EC-F8A10399B015}.Debug|x64.ActiveCfg = Debug|x64
		{C790EA48-E301-323A-B6EC-F8A10399B015}.Debug|x64.Build.0 = Debug|x64
		{C790EA48-E301-323A-B6EC-F8A10399B015}.Debug|Win32.ActiveCfg = Debug|Win32
		{C790EA48-E301-323A-B6EC-F8A10399B015}.Debug|Win32.Build.0 = Debug|Win32
		{C790EA48-E301-323A-B6EC-F8A10399B015}.Release|x64.ActiveCfg = Release|x64
		{C790EA48-E301-323A-B6EC-F8A10399B015}.Release|x64.Build.0 = Release|x64
		{C790EA48-E301-323A-B6EC-F8A10399B015}.Release|Win32.ActiveCfg = Release|Win32
		{C790EA48-E301-323A-B6EC-F8A10399B015}.Release|Win32.Build.0 = Release|Win32
		{D2981223-E2A0-DE2C-30B0-849E84908975}.Debug|x64.ActiveCfg = Debug|x64
		{D2981223-E2A0-DE2C-30B0-849E84908975}.Debug|x64.Build.0 = Debug|x64
		{D2981223-E2A0-DE2C-30B0-849E84908975}.Debug|Win32.ActiveCfg = Debug|Win32
		{D2981223-E2A0-DE2C-30B0-849E84908975}.Debug|Win32.Build.0 = Debug|Win32
		{D2981223-E2A0-DE2C-30B0-849E84908975}.Release|x64.ActiveCfg = Release|x64
		{D2981223-E2A0-DE2C-30B0-849E84908975}.Release|x64.Build.0 = Release|x64
		{D2981223-E2A0-DE2C-30B0-849E84908975}.Release|Win32.ActiveCfg = Release|Win32
		{D2981223-E2A0-DE2C-30B0-849E84908975}.Release|Win32.Build.0 = Release|Win32
		{D5BFADB1-3F0E-8594-0CF6-11250413352F}.Debug|x64.ActiveCfg = Debug|x64
		{D5BFADB1-3F0E-8594-0CF6-11250413352F}.Debug|x64.Build.0 = Debug|x64
		{D5BFADB1-3F0E-8594-0CF6-11250413352F}.Debug|Win32.ActiveCfg = Debug|Win32
		{D5BFADB1-3F0E-8594-0CF6-11250413352F}.Debug|Win32.Build.0 = Debug|Win32
		{D5BFADB1-3F0E-8594-0CF6-11250413352F}.Release|x64.ActiveCfg = Release|x64
		{D5BFADB1-3F0E-8594-0CF6-11250413352F}.Release|x64.Build.0 = Release|x64
		{D5BFADB1-3F0E-8594-0CF6-11250413352F}.Release|Win32.ActiveCfg = Release|Win32
		{D5BFADB1-3F0E-8594-0CF6-11250413352F}.Release|Win32.Build.0 = Release|Win32
		{D65FA29E-0867-FE88-A4F5-050911FBB9D2}.Debug|x64.ActiveCfg = Debug|x64
		{D65FA29E-0867-FE88-A4F5-050911FBB9D2}.Debug|x64.Build.0 = Debug|x64
		{D65FA29E-0867-FE88-A4F5-050911FBB9D2}.Debug|Win32.ActiveCfg = Debug|Win32
		{D65FA29E-0867-FE88-A4F5-050911FBB9D2}.Debug|Win32.Build.0 = Debug|Win32
		{D65FA29E-0867-FE88-A4F5-050911FBB9D2}.Release|x64.ActiveCfg = Release|x64
		{D65FA29E-0867-FE88-A4F5-050911FBB9D2}.Release|x64.Build.0 = Release|x64
		{D65FA29E-0867-FE88-A4F5-050911FBB9D2}.Release|Win32.ActiveCfg = Release|Win32
		{D65FA29E-0867-FE88-A4F5-050911FBB9D2}.Release|Win32.Build.0 = Release|Win32
		{E33D379B-F4CF-F6ED-7DD3-AC07BA215AFD}.Debug|x64.ActiveCfg = Debug|x64
		{E33D379B-F4CF-F6ED-7DD3-AC07BA215AFD}.Debug|x64.Build.0 = Debug|x64
		{E33D379B-F4CF-F6ED-7DD3-AC07BA215AFD}.Debug|Win32.ActiveCfg = Debug|Win32
		{E33D379B-F4CF-F6ED-7DD3-AC07BA215AFD}.Debug|Win32.Build.0 = Debug|Win32
		{E33D379B-F4CF-F6ED-7DD3-AC07BA215AFD}.Release|x64.ActiveCfg = Release|x64
		{E33D379B-F4CF-F6ED-7DD3-AC07BA215AFD}.Release|x64.Build.0 = Release|x64
		{E33D379B-F4CF-F6ED-7DD3-AC07BA215AFD}.Release|Win32.ActiveCfg = Release|Win32
		{E33D379B-F4CF-F6ED-7DD3-AC07BA215AFD}.Release|Win32.Build.0 = Release|Win32
		{EB11188E-905B-A44D-85A0-6A02797CE267}.Debug|x64.ActiveCfg = Debug|x64
		{EB11188E-905B-A44D-85A0-6A02797CE267}.Debug|x64.Build.0 = Debug|x64
		{EB11188E-905B-A44D-85A0-6A02797CE267}.Debug|Win32.ActiveCfg = Debug|Win32
		{EB11188E-905B-A44D-85A0-6A02797CE267}.Debug|Win32.Build.0 = Debug|Win32
		{EB11188E-905B-A44D-85A0-6A02797CE267}.Release|x64.ActiveCfg = Release|x64
		{EB11188E-905B-A44D-85A0-6A02797CE267}.Release|x64.Build.0 = Release|x64
		{EB11188E-905B-A44D-85A0-6A02797CE267}.Release|Win32.ActiveCfg = Release|Win32
		{EB11188E-905B-A44D-85A0-6A02797CE267}.Release|Win32.Build.0 = Release|Win32
		{F59243A3-A235-C366-E748-CC582E695EA9}.Debug|x64.ActiveCfg = Debug|x64
		{F59243A3-A235-C366-E748-CC582E695EA9}.Debug|x64.Build.0 = Debug|x64
		{F59243A3-A235-C366-E748-CC582E695EA9}.Debug|Win32.ActiveCfg = Debug|Win32
		{F59243A3-A235-C366-E748-CC582E695EA9}.Debug|Win32.Build.0 = Debug|Win32
		{F59243A3-A235-C366-E748-CC582E695EA9}.Release|x64.ActiveCfg = Release|x64
		{F59243A3-A235-C366-E748-CC582E695EA9}.Release|x64.Build.0 = Release|x64
		{F59243A3-A235-C366-E748-CC582E695EA9}.Release|Win32.ActiveCfg = Release|Win32
		{F59243A3-A235-C366-E748-CC582E695EA9}.Release|Win32.Build.0 = Release|Win32
		{F6A41D07-50C0-48A5-CF61-9614A89A38CE}.Debug|x64.ActiveCfg = Debug|x64
		{F6A41D07-50C0-48A5-CF61-9614A89A38CE}.Debug|x64.Build.0 = Debug|x64
		{F6A41D07-50C0-48A5-CF61-9614A89A38CE}.Debug|Win32.ActiveCfg = Debug|Win32
		{F6A41D07-50C0-48A5-CF61-9614A89A38CE}.Debug|Win32.Build.0 = Debug|Win32
		{F6A41D07-50C0-48A5-CF61-9614A89A38CE}.Release|x64.ActiveCfg = Release|x64
		{F6A41D07-50C0-48A5-CF61-9614A89A38CE}.Release|x64.Build.0 = Release|x64
		{F6A41D07-50C0-48A5-CF61-9614A89A38CE}.Release|Win32.ActiveCfg = Release|Win32
		{F6A41D07-50C0-48A5-CF61-9614A89A38CE}.Release|Win32.Build.0 = Release|Win32
		{F70F97B5-9CAB-E977-EC88-B1287BCEE2CF}.Debug|x64.ActiveCfg = Debug|x64
		{F70F97B5-9CAB-E977-EC88-B1287BCEE2CF}.Debug|x64.Build.0 = Debug|x64
		{F70F97B5-9CAB-E977-EC88-B1287BCEE2CF}.Debug|Win32.ActiveCfg = Debug|Win32
		{F70F97B5-9CAB-E977-EC88-B1287BCEE2CF}.Debug|Win32.Build.0 = Debug|Win32
		{F70F97B5-9CAB-E977-EC88-B1287BCEE2CF}.Release|x64.ActiveCfg = Release|x64
		{F70F97B5-9CAB-E977-EC88-B1287BCEE2CF}.Release|x64.Build.0 = Release|x64
		{F70F97B5-9CAB-E977-EC88-B1287BCEE2CF}.Release|Win32.ActiveCfg = Release|Win32
		{F70F97B5-9CAB-E977-EC88-B1287BCEE2CF}.Release|Win32.Build.0 = Release|Win32
		{FE47DC2F-8C6C-D859-9F3A-205D25333632}.Debug|x64.ActiveCfg = Debug|x64
		{FE47DC2F-8C6C-D859-9F3A-205D25333632}.Debug|x64.Build.0 = Debug|x64
		{FE47DC2F-8C6C-D859-9F3A-205D25333632}.Debug|Win32.ActiveCfg = Debug|Win32
		{FE47DC2F-8C6C-D859-9F3A-205D25333632}.Debug|Win32.Build.0 = Debug|Win32
		{FE47DC2F-8C6C-D859-9F3A-205D25333632}.Release|x64.ActiveCfg = Release|x64
		{FE47DC2F-8C6C-D859-9F3A-205D25333632}.Release|x64.Build.0 = Release|x64
		{FE47DC2F-8C6C-D859-9F3A-205D25333632}.Release|Win32.ActiveCfg = Release|Win32
		{FE47DC2F-8C6C-D859-9F3A-205D25333632}.Release|Win32.Build.0 = Release|Win32
	EndGlobalSection
	GlobalSection(SolutionProperties) = preSolution
		HideSolutionNode = FALSE
	EndGlobalSection
EndGlobal
